// !$*UTF8*$!
{
	archiveVersion = 1;
	classes = {
	};
	objectVersion = 56;
	objects = {

/* Begin PBXBuildFile section */
		CE48FB282A6AC161005AECF4 /* HomeViewController.swift in Sources */ = {isa = PBXBuildFile; fileRef = CE48FB272A6AC161005AECF4 /* HomeViewController.swift */; };
		CE6028D02A6593420061E008 /* SignUpViewModel.swift in Sources */ = {isa = PBXBuildFile; fileRef = CE6028CF2A6593420061E008 /* SignUpViewModel.swift */; };
		CE6028D22A6593610061E008 /* ValidationResult.swift in Sources */ = {isa = PBXBuildFile; fileRef = CE6028D12A6593610061E008 /* ValidationResult.swift */; };
		CE68E94B2A64096000811F24 /* AppDelegate.swift in Sources */ = {isa = PBXBuildFile; fileRef = CE68E94A2A64096000811F24 /* AppDelegate.swift */; };
		CE68E94D2A64096000811F24 /* SceneDelegate.swift in Sources */ = {isa = PBXBuildFile; fileRef = CE68E94C2A64096000811F24 /* SceneDelegate.swift */; };
		CE68E94F2A64096000811F24 /* ViewController.swift in Sources */ = {isa = PBXBuildFile; fileRef = CE68E94E2A64096000811F24 /* ViewController.swift */; };
		CE68E9542A64096100811F24 /* Assets.xcassets in Resources */ = {isa = PBXBuildFile; fileRef = CE68E9532A64096100811F24 /* Assets.xcassets */; };
		CE68E9572A64096100811F24 /* LaunchScreen.storyboard in Resources */ = {isa = PBXBuildFile; fileRef = CE68E9552A64096100811F24 /* LaunchScreen.storyboard */; };
		CE68E9622A64096200811F24 /* Project2Tests.swift in Sources */ = {isa = PBXBuildFile; fileRef = CE68E9612A64096200811F24 /* Project2Tests.swift */; };
		CE68E96C2A64096200811F24 /* Project2UITests.swift in Sources */ = {isa = PBXBuildFile; fileRef = CE68E96B2A64096200811F24 /* Project2UITests.swift */; };
		CE68E96E2A64096200811F24 /* Project2UITestsLaunchTests.swift in Sources */ = {isa = PBXBuildFile; fileRef = CE68E96D2A64096200811F24 /* Project2UITestsLaunchTests.swift */; };
		CE68E97C2A64127C00811F24 /* SignUpViewController.swift in Sources */ = {isa = PBXBuildFile; fileRef = CE68E97B2A64127C00811F24 /* SignUpViewController.swift */; };
		CE68E9802A658ABE00811F24 /* CustomTextField.swift in Sources */ = {isa = PBXBuildFile; fileRef = CE68E97F2A658ABE00811F24 /* CustomTextField.swift */; };
		CE85CE9F2A692768003FCD98 /* GoogleService-Info.plist in Resources */ = {isa = PBXBuildFile; fileRef = CE85CE9E2A692768003FCD98 /* GoogleService-Info.plist */; };
		CECAE8602A692D340072EF80 /* FirebaseAuth in Frameworks */ = {isa = PBXBuildFile; productRef = CECAE85F2A692D340072EF80 /* FirebaseAuth */; };
		CECAE8622A692D340072EF80 /* FirebaseAuthCombine-Community in Frameworks */ = {isa = PBXBuildFile; productRef = CECAE8612A692D340072EF80 /* FirebaseAuthCombine-Community */; };
		CECAE8672A69463A0072EF80 /* Resolver in Frameworks */ = {isa = PBXBuildFile; productRef = CECAE8662A69463A0072EF80 /* Resolver */; };
		CECAE86E2A6947920072EF80 /* AppDelegate+Injection.swift in Sources */ = {isa = PBXBuildFile; fileRef = CECAE86D2A6947920072EF80 /* AppDelegate+Injection.swift */; };
		CECAE8702A6969B90072EF80 /* SignUpUseCase.swift in Sources */ = {isa = PBXBuildFile; fileRef = CECAE86F2A6969B90072EF80 /* SignUpUseCase.swift */; };
		CECAE8722A6972460072EF80 /* SignUpRepository.swift in Sources */ = {isa = PBXBuildFile; fileRef = CECAE8712A6972460072EF80 /* SignUpRepository.swift */; };
		CECAE8742A6973050072EF80 /* SignUpRepositoryImpl.swift in Sources */ = {isa = PBXBuildFile; fileRef = CECAE8732A6973050072EF80 /* SignUpRepositoryImpl.swift */; };
		CECAE8762A6980350072EF80 /* Result.swift in Sources */ = {isa = PBXBuildFile; fileRef = CECAE8752A6980350072EF80 /* Result.swift */; };
		CECAE8782A6996870072EF80 /* SignInViewModel.swift in Sources */ = {isa = PBXBuildFile; fileRef = CECAE8772A6996870072EF80 /* SignInViewModel.swift */; };
		CECAE87A2A6996E80072EF80 /* SignInUseCase.swift in Sources */ = {isa = PBXBuildFile; fileRef = CECAE8792A6996E80072EF80 /* SignInUseCase.swift */; };
		CECAE87C2A69974B0072EF80 /* SignInRepository.swift in Sources */ = {isa = PBXBuildFile; fileRef = CECAE87B2A69974B0072EF80 /* SignInRepository.swift */; };
		CECAE8832A6997E80072EF80 /* SignInRepositoryImpl.swift in Sources */ = {isa = PBXBuildFile; fileRef = CECAE8822A6997E80072EF80 /* SignInRepositoryImpl.swift */; };
/* End PBXBuildFile section */

/* Begin PBXContainerItemProxy section */
		CE68E95E2A64096200811F24 /* PBXContainerItemProxy */ = {
			isa = PBXContainerItemProxy;
			containerPortal = CE68E93F2A64096000811F24 /* Project object */;
			proxyType = 1;
			remoteGlobalIDString = CE68E9462A64096000811F24;
			remoteInfo = Project2;
		};
		CE68E9682A64096200811F24 /* PBXContainerItemProxy */ = {
			isa = PBXContainerItemProxy;
			containerPortal = CE68E93F2A64096000811F24 /* Project object */;
			proxyType = 1;
			remoteGlobalIDString = CE68E9462A64096000811F24;
			remoteInfo = Project2;
		};
/* End PBXContainerItemProxy section */

/* Begin PBXFileReference section */
		CE48FB272A6AC161005AECF4 /* HomeViewController.swift */ = {isa = PBXFileReference; lastKnownFileType = sourcecode.swift; path = HomeViewController.swift; sourceTree = "<group>"; };
		CE6028CF2A6593420061E008 /* SignUpViewModel.swift */ = {isa = PBXFileReference; lastKnownFileType = sourcecode.swift; path = SignUpViewModel.swift; sourceTree = "<group>"; };
		CE6028D12A6593610061E008 /* ValidationResult.swift */ = {isa = PBXFileReference; lastKnownFileType = sourcecode.swift; path = ValidationResult.swift; sourceTree = "<group>"; };
		CE68E9472A64096000811F24 /* Project2.app */ = {isa = PBXFileReference; explicitFileType = wrapper.application; includeInIndex = 0; path = Project2.app; sourceTree = BUILT_PRODUCTS_DIR; };
		CE68E94A2A64096000811F24 /* AppDelegate.swift */ = {isa = PBXFileReference; lastKnownFileType = sourcecode.swift; path = AppDelegate.swift; sourceTree = "<group>"; };
		CE68E94C2A64096000811F24 /* SceneDelegate.swift */ = {isa = PBXFileReference; lastKnownFileType = sourcecode.swift; path = SceneDelegate.swift; sourceTree = "<group>"; };
		CE68E94E2A64096000811F24 /* ViewController.swift */ = {isa = PBXFileReference; lastKnownFileType = sourcecode.swift; path = ViewController.swift; sourceTree = "<group>"; };
		CE68E9532A64096100811F24 /* Assets.xcassets */ = {isa = PBXFileReference; lastKnownFileType = folder.assetcatalog; path = Assets.xcassets; sourceTree = "<group>"; };
		CE68E9562A64096100811F24 /* Base */ = {isa = PBXFileReference; lastKnownFileType = file.storyboard; name = Base; path = Base.lproj/LaunchScreen.storyboard; sourceTree = "<group>"; };
		CE68E9582A64096100811F24 /* Info.plist */ = {isa = PBXFileReference; lastKnownFileType = text.plist.xml; path = Info.plist; sourceTree = "<group>"; };
		CE68E95D2A64096200811F24 /* Project2Tests.xctest */ = {isa = PBXFileReference; explicitFileType = wrapper.cfbundle; includeInIndex = 0; path = Project2Tests.xctest; sourceTree = BUILT_PRODUCTS_DIR; };
		CE68E9612A64096200811F24 /* Project2Tests.swift */ = {isa = PBXFileReference; lastKnownFileType = sourcecode.swift; path = Project2Tests.swift; sourceTree = "<group>"; };
		CE68E9672A64096200811F24 /* Project2UITests.xctest */ = {isa = PBXFileReference; explicitFileType = wrapper.cfbundle; includeInIndex = 0; path = Project2UITests.xctest; sourceTree = BUILT_PRODUCTS_DIR; };
		CE68E96B2A64096200811F24 /* Project2UITests.swift */ = {isa = PBXFileReference; lastKnownFileType = sourcecode.swift; path = Project2UITests.swift; sourceTree = "<group>"; };
		CE68E96D2A64096200811F24 /* Project2UITestsLaunchTests.swift */ = {isa = PBXFileReference; lastKnownFileType = sourcecode.swift; path = Project2UITestsLaunchTests.swift; sourceTree = "<group>"; };
		CE68E97B2A64127C00811F24 /* SignUpViewController.swift */ = {isa = PBXFileReference; lastKnownFileType = sourcecode.swift; path = SignUpViewController.swift; sourceTree = "<group>"; };
		CE68E97F2A658ABE00811F24 /* CustomTextField.swift */ = {isa = PBXFileReference; lastKnownFileType = sourcecode.swift; path = CustomTextField.swift; sourceTree = "<group>"; };
		CE85CE9E2A692768003FCD98 /* GoogleService-Info.plist */ = {isa = PBXFileReference; fileEncoding = 4; lastKnownFileType = text.plist.xml; name = "GoogleService-Info.plist"; path = "../../../Downloads/GoogleService-Info.plist"; sourceTree = "<group>"; };
		CECAE86D2A6947920072EF80 /* AppDelegate+Injection.swift */ = {isa = PBXFileReference; lastKnownFileType = sourcecode.swift; path = "AppDelegate+Injection.swift"; sourceTree = "<group>"; };
		CECAE86F2A6969B90072EF80 /* SignUpUseCase.swift */ = {isa = PBXFileReference; lastKnownFileType = sourcecode.swift; path = SignUpUseCase.swift; sourceTree = "<group>"; };
		CECAE8712A6972460072EF80 /* SignUpRepository.swift */ = {isa = PBXFileReference; lastKnownFileType = sourcecode.swift; path = SignUpRepository.swift; sourceTree = "<group>"; };
		CECAE8732A6973050072EF80 /* SignUpRepositoryImpl.swift */ = {isa = PBXFileReference; lastKnownFileType = sourcecode.swift; path = SignUpRepositoryImpl.swift; sourceTree = "<group>"; };
		CECAE8752A6980350072EF80 /* Result.swift */ = {isa = PBXFileReference; lastKnownFileType = sourcecode.swift; path = Result.swift; sourceTree = "<group>"; };
		CECAE8772A6996870072EF80 /* SignInViewModel.swift */ = {isa = PBXFileReference; lastKnownFileType = sourcecode.swift; path = SignInViewModel.swift; sourceTree = "<group>"; };
		CECAE8792A6996E80072EF80 /* SignInUseCase.swift */ = {isa = PBXFileReference; lastKnownFileType = sourcecode.swift; path = SignInUseCase.swift; sourceTree = "<group>"; };
		CECAE87B2A69974B0072EF80 /* SignInRepository.swift */ = {isa = PBXFileReference; lastKnownFileType = sourcecode.swift; path = SignInRepository.swift; sourceTree = "<group>"; };
		CECAE8822A6997E80072EF80 /* SignInRepositoryImpl.swift */ = {isa = PBXFileReference; lastKnownFileType = sourcecode.swift; path = SignInRepositoryImpl.swift; sourceTree = "<group>"; };
/* End PBXFileReference section */

/* Begin PBXFrameworksBuildPhase section */
		CE68E9442A64096000811F24 /* Frameworks */ = {
			isa = PBXFrameworksBuildPhase;
			buildActionMask = 2147483647;
			files = (
				CECAE8672A69463A0072EF80 /* Resolver in Frameworks */,
				CECAE8602A692D340072EF80 /* FirebaseAuth in Frameworks */,
				CECAE8622A692D340072EF80 /* FirebaseAuthCombine-Community in Frameworks */,
			);
			runOnlyForDeploymentPostprocessing = 0;
		};
		CE68E95A2A64096200811F24 /* Frameworks */ = {
			isa = PBXFrameworksBuildPhase;
			buildActionMask = 2147483647;
			files = (
			);
			runOnlyForDeploymentPostprocessing = 0;
		};
		CE68E9642A64096200811F24 /* Frameworks */ = {
			isa = PBXFrameworksBuildPhase;
			buildActionMask = 2147483647;
			files = (
			);
			runOnlyForDeploymentPostprocessing = 0;
		};
/* End PBXFrameworksBuildPhase section */

/* Begin PBXGroup section */
		CE68E93E2A64096000811F24 = {
			isa = PBXGroup;
			children = (
				CE68E9492A64096000811F24 /* Project2 */,
				CE68E9602A64096200811F24 /* Project2Tests */,
				CE68E96A2A64096200811F24 /* Project2UITests */,
				CE68E9482A64096000811F24 /* Products */,
			);
			sourceTree = "<group>";
		};
		CE68E9482A64096000811F24 /* Products */ = {
			isa = PBXGroup;
			children = (
				CE68E9472A64096000811F24 /* Project2.app */,
				CE68E95D2A64096200811F24 /* Project2Tests.xctest */,
				CE68E9672A64096200811F24 /* Project2UITests.xctest */,
			);
			name = Products;
			sourceTree = "<group>";
		};
		CE68E9492A64096000811F24 /* Project2 */ = {
			isa = PBXGroup;
			children = (
				CECAE86C2A6947470072EF80 /* data */,
				CECAE86A2A6947370072EF80 /* domain */,
				CECAE8692A69472B0072EF80 /* presentation */,
				CECAE8682A6947240072EF80 /* di */,
				CE68E97A2A64099A00811F24 /* Supporting */,
				CE68E9582A64096100811F24 /* Info.plist */,
				CE85CE9E2A692768003FCD98 /* GoogleService-Info.plist */,
				CE6028D12A6593610061E008 /* ValidationResult.swift */,
			);
			path = Project2;
			sourceTree = "<group>";
		};
		CE68E9602A64096200811F24 /* Project2Tests */ = {
			isa = PBXGroup;
			children = (
				CE68E9612A64096200811F24 /* Project2Tests.swift */,
			);
			path = Project2Tests;
			sourceTree = "<group>";
		};
		CE68E96A2A64096200811F24 /* Project2UITests */ = {
			isa = PBXGroup;
			children = (
				CE68E96B2A64096200811F24 /* Project2UITests.swift */,
				CE68E96D2A64096200811F24 /* Project2UITestsLaunchTests.swift */,
			);
			path = Project2UITests;
			sourceTree = "<group>";
		};
		CE68E97A2A64099A00811F24 /* Supporting */ = {
			isa = PBXGroup;
			children = (
				CE68E9552A64096100811F24 /* LaunchScreen.storyboard */,
				CE68E9532A64096100811F24 /* Assets.xcassets */,
				CE68E94C2A64096000811F24 /* SceneDelegate.swift */,
				CE68E94A2A64096000811F24 /* AppDelegate.swift */,
				CE68E97F2A658ABE00811F24 /* CustomTextField.swift */,
			);
			path = Supporting;
			sourceTree = "<group>";
		};
		CE68E97D2A6581E300811F24 /* signIn */ = {
			isa = PBXGroup;
			children = (
				CE68E94E2A64096000811F24 /* ViewController.swift */,
				CECAE8772A6996870072EF80 /* SignInViewModel.swift */,
			);
			path = signIn;
			sourceTree = "<group>";
		};
		CE68E97E2A6581EF00811F24 /* signUp */ = {
			isa = PBXGroup;
			children = (
				CE6028CF2A6593420061E008 /* SignUpViewModel.swift */,
				CE68E97B2A64127C00811F24 /* SignUpViewController.swift */,
			);
			path = signUp;
			sourceTree = "<group>";
		};
		CECAE8682A6947240072EF80 /* di */ = {
			isa = PBXGroup;
			children = (
				CECAE86D2A6947920072EF80 /* AppDelegate+Injection.swift */,
			);
			path = di;
			sourceTree = "<group>";
		};
		CECAE8692A69472B0072EF80 /* presentation */ = {
			isa = PBXGroup;
			children = (
				CE68E97D2A6581E300811F24 /* signIn */,
				CE68E97E2A6581EF00811F24 /* signUp */,
				CE48FB272A6AC161005AECF4 /* HomeViewController.swift */,
			);
			path = presentation;
			sourceTree = "<group>";
		};
		CECAE86A2A6947370072EF80 /* domain */ = {
			isa = PBXGroup;
			children = (
				CECAE8812A6997C60072EF80 /* common */,
				CECAE8802A6997B20072EF80 /* signUp */,
				CECAE87F2A6997AC0072EF80 /* signIn */,
			);
			path = domain;
			sourceTree = "<group>";
		};
		CECAE86C2A6947470072EF80 /* data */ = {
			isa = PBXGroup;
			children = (
				CECAE8732A6973050072EF80 /* SignUpRepositoryImpl.swift */,
				CECAE8822A6997E80072EF80 /* SignInRepositoryImpl.swift */,
			);
			path = data;
			sourceTree = "<group>";
		};
		CECAE87F2A6997AC0072EF80 /* signIn */ = {
			isa = PBXGroup;
			children = (
				CECAE87B2A69974B0072EF80 /* SignInRepository.swift */,
				CECAE8792A6996E80072EF80 /* SignInUseCase.swift */,
			);
			path = signIn;
			sourceTree = "<group>";
		};
		CECAE8802A6997B20072EF80 /* signUp */ = {
			isa = PBXGroup;
			children = (
				CECAE8712A6972460072EF80 /* SignUpRepository.swift */,
				CECAE86F2A6969B90072EF80 /* SignUpUseCase.swift */,
			);
			path = signUp;
			sourceTree = "<group>";
		};
		CECAE8812A6997C60072EF80 /* common */ = {
			isa = PBXGroup;
			children = (
				CECAE8752A6980350072EF80 /* Result.swift */,
			);
			path = common;
			sourceTree = "<group>";
		};
/* End PBXGroup section */

/* Begin PBXNativeTarget section */
		CE68E9462A64096000811F24 /* Project2 */ = {
			isa = PBXNativeTarget;
			buildConfigurationList = CE68E9712A64096200811F24 /* Build configuration list for PBXNativeTarget "Project2" */;
			buildPhases = (
				CE68E9432A64096000811F24 /* Sources */,
				CE68E9442A64096000811F24 /* Frameworks */,
				CE68E9452A64096000811F24 /* Resources */,
			);
			buildRules = (
			);
			dependencies = (
			);
			name = Project2;
			packageProductDependencies = (
				CECAE85F2A692D340072EF80 /* FirebaseAuth */,
				CECAE8612A692D340072EF80 /* FirebaseAuthCombine-Community */,
				CECAE8662A69463A0072EF80 /* Resolver */,
			);
			productName = Project2;
			productReference = CE68E9472A64096000811F24 /* Project2.app */;
			productType = "com.apple.product-type.application";
		};
		CE68E95C2A64096200811F24 /* Project2Tests */ = {
			isa = PBXNativeTarget;
			buildConfigurationList = CE68E9742A64096200811F24 /* Build configuration list for PBXNativeTarget "Project2Tests" */;
			buildPhases = (
				CE68E9592A64096200811F24 /* Sources */,
				CE68E95A2A64096200811F24 /* Frameworks */,
				CE68E95B2A64096200811F24 /* Resources */,
			);
			buildRules = (
			);
			dependencies = (
				CE68E95F2A64096200811F24 /* PBXTargetDependency */,
			);
			name = Project2Tests;
			productName = Project2Tests;
			productReference = CE68E95D2A64096200811F24 /* Project2Tests.xctest */;
			productType = "com.apple.product-type.bundle.unit-test";
		};
		CE68E9662A64096200811F24 /* Project2UITests */ = {
			isa = PBXNativeTarget;
			buildConfigurationList = CE68E9772A64096200811F24 /* Build configuration list for PBXNativeTarget "Project2UITests" */;
			buildPhases = (
				CE68E9632A64096200811F24 /* Sources */,
				CE68E9642A64096200811F24 /* Frameworks */,
				CE68E9652A64096200811F24 /* Resources */,
			);
			buildRules = (
			);
			dependencies = (
				CE68E9692A64096200811F24 /* PBXTargetDependency */,
			);
			name = Project2UITests;
			productName = Project2UITests;
			productReference = CE68E9672A64096200811F24 /* Project2UITests.xctest */;
			productType = "com.apple.product-type.bundle.ui-testing";
		};
/* End PBXNativeTarget section */

/* Begin PBXProject section */
		CE68E93F2A64096000811F24 /* Project object */ = {
			isa = PBXProject;
			attributes = {
				BuildIndependentTargetsInParallel = 1;
				LastSwiftUpdateCheck = 1400;
				LastUpgradeCheck = 1400;
				TargetAttributes = {
					CE68E9462A64096000811F24 = {
						CreatedOnToolsVersion = 14.0.1;
					};
					CE68E95C2A64096200811F24 = {
						CreatedOnToolsVersion = 14.0.1;
						TestTargetID = CE68E9462A64096000811F24;
					};
					CE68E9662A64096200811F24 = {
						CreatedOnToolsVersion = 14.0.1;
						TestTargetID = CE68E9462A64096000811F24;
					};
				};
			};
			buildConfigurationList = CE68E9422A64096000811F24 /* Build configuration list for PBXProject "Project2" */;
			compatibilityVersion = "Xcode 14.0";
			developmentRegion = en;
			hasScannedForEncodings = 0;
			knownRegions = (
				en,
				Base,
			);
			mainGroup = CE68E93E2A64096000811F24;
			packageReferences = (
				CECAE85E2A692D340072EF80 /* XCRemoteSwiftPackageReference "firebase-ios-sdk" */,
				CECAE8652A69463A0072EF80 /* XCRemoteSwiftPackageReference "Resolver" */,
			);
			productRefGroup = CE68E9482A64096000811F24 /* Products */;
			projectDirPath = "";
			projectRoot = "";
			targets = (
				CE68E9462A64096000811F24 /* Project2 */,
				CE68E95C2A64096200811F24 /* Project2Tests */,
				CE68E9662A64096200811F24 /* Project2UITests */,
			);
		};
/* End PBXProject section */

/* Begin PBXResourcesBuildPhase section */
		CE68E9452A64096000811F24 /* Resources */ = {
			isa = PBXResourcesBuildPhase;
			buildActionMask = 2147483647;
			files = (
				CE68E9572A64096100811F24 /* LaunchScreen.storyboard in Resources */,
				CE68E9542A64096100811F24 /* Assets.xcassets in Resources */,
				CE85CE9F2A692768003FCD98 /* GoogleService-Info.plist in Resources */,
			);
			runOnlyForDeploymentPostprocessing = 0;
		};
		CE68E95B2A64096200811F24 /* Resources */ = {
			isa = PBXResourcesBuildPhase;
			buildActionMask = 2147483647;
			files = (
			);
			runOnlyForDeploymentPostprocessing = 0;
		};
		CE68E9652A64096200811F24 /* Resources */ = {
			isa = PBXResourcesBuildPhase;
			buildActionMask = 2147483647;
			files = (
			);
			runOnlyForDeploymentPostprocessing = 0;
		};
/* End PBXResourcesBuildPhase section */

/* Begin PBXSourcesBuildPhase section */
		CE68E9432A64096000811F24 /* Sources */ = {
			isa = PBXSourcesBuildPhase;
			buildActionMask = 2147483647;
			files = (
				CECAE86E2A6947920072EF80 /* AppDelegate+Injection.swift in Sources */,
				CECAE8722A6972460072EF80 /* SignUpRepository.swift in Sources */,
				CE68E94F2A64096000811F24 /* ViewController.swift in Sources */,
				CE48FB282A6AC161005AECF4 /* HomeViewController.swift in Sources */,
				CE68E94B2A64096000811F24 /* AppDelegate.swift in Sources */,
				CECAE8782A6996870072EF80 /* SignInViewModel.swift in Sources */,
				CE6028D02A6593420061E008 /* SignUpViewModel.swift in Sources */,
				CE68E97C2A64127C00811F24 /* SignUpViewController.swift in Sources */,
				CECAE8762A6980350072EF80 /* Result.swift in Sources */,
				CECAE8742A6973050072EF80 /* SignUpRepositoryImpl.swift in Sources */,
				CECAE87A2A6996E80072EF80 /* SignInUseCase.swift in Sources */,
				CE6028D22A6593610061E008 /* ValidationResult.swift in Sources */,
				CE68E94D2A64096000811F24 /* SceneDelegate.swift in Sources */,
				CE68E9802A658ABE00811F24 /* CustomTextField.swift in Sources */,
				CECAE8702A6969B90072EF80 /* SignUpUseCase.swift in Sources */,
				CECAE87C2A69974B0072EF80 /* SignInRepository.swift in Sources */,
				CECAE8832A6997E80072EF80 /* SignInRepositoryImpl.swift in Sources */,
			);
			runOnlyForDeploymentPostprocessing = 0;
		};
		CE68E9592A64096200811F24 /* Sources */ = {
			isa = PBXSourcesBuildPhase;
			buildActionMask = 2147483647;
			files = (
				CE68E9622A64096200811F24 /* Project2Tests.swift in Sources */,
			);
			runOnlyForDeploymentPostprocessing = 0;
		};
		CE68E9632A64096200811F24 /* Sources */ = {
			isa = PBXSourcesBuildPhase;
			buildActionMask = 2147483647;
			files = (
				CE68E96E2A64096200811F24 /* Project2UITestsLaunchTests.swift in Sources */,
				CE68E96C2A64096200811F24 /* Project2UITests.swift in Sources */,
			);
			runOnlyForDeploymentPostprocessing = 0;
		};
/* End PBXSourcesBuildPhase section */

/* Begin PBXTargetDependency section */
		CE68E95F2A64096200811F24 /* PBXTargetDependency */ = {
			isa = PBXTargetDependency;
			target = CE68E9462A64096000811F24 /* Project2 */;
			targetProxy = CE68E95E2A64096200811F24 /* PBXContainerItemProxy */;
		};
		CE68E9692A64096200811F24 /* PBXTargetDependency */ = {
			isa = PBXTargetDependency;
			target = CE68E9462A64096000811F24 /* Project2 */;
			targetProxy = CE68E9682A64096200811F24 /* PBXContainerItemProxy */;
		};
/* End PBXTargetDependency section */

/* Begin PBXVariantGroup section */
		CE68E9552A64096100811F24 /* LaunchScreen.storyboard */ = {
			isa = PBXVariantGroup;
			children = (
				CE68E9562A64096100811F24 /* Base */,
			);
			name = LaunchScreen.storyboard;
			sourceTree = "<group>";
		};
/* End PBXVariantGroup section */

/* Begin XCBuildConfiguration section */
		CE68E96F2A64096200811F24 /* Debug */ = {
			isa = XCBuildConfiguration;
			buildSettings = {
				ALWAYS_SEARCH_USER_PATHS = NO;
				CLANG_ANALYZER_NONNULL = YES;
				CLANG_ANALYZER_NUMBER_OBJECT_CONVERSION = YES_AGGRESSIVE;
				CLANG_CXX_LANGUAGE_STANDARD = "gnu++20";
				CLANG_ENABLE_MODULES = YES;
				CLANG_ENABLE_OBJC_ARC = YES;
				CLANG_ENABLE_OBJC_WEAK = YES;
				CLANG_WARN_BLOCK_CAPTURE_AUTORELEASING = YES;
				CLANG_WARN_BOOL_CONVERSION = YES;
				CLANG_WARN_COMMA = YES;
				CLANG_WARN_CONSTANT_CONVERSION = YES;
				CLANG_WARN_DEPRECATED_OBJC_IMPLEMENTATIONS = YES;
				CLANG_WARN_DIRECT_OBJC_ISA_USAGE = YES_ERROR;
				CLANG_WARN_DOCUMENTATION_COMMENTS = YES;
				CLANG_WARN_EMPTY_BODY = YES;
				CLANG_WARN_ENUM_CONVERSION = YES;
				CLANG_WARN_INFINITE_RECURSION = YES;
				CLANG_WARN_INT_CONVERSION = YES;
				CLANG_WARN_NON_LITERAL_NULL_CONVERSION = YES;
				CLANG_WARN_OBJC_IMPLICIT_RETAIN_SELF = YES;
				CLANG_WARN_OBJC_LITERAL_CONVERSION = YES;
				CLANG_WARN_OBJC_ROOT_CLASS = YES_ERROR;
				CLANG_WARN_QUOTED_INCLUDE_IN_FRAMEWORK_HEADER = YES;
				CLANG_WARN_RANGE_LOOP_ANALYSIS = YES;
				CLANG_WARN_STRICT_PROTOTYPES = YES;
				CLANG_WARN_SUSPICIOUS_MOVE = YES;
				CLANG_WARN_UNGUARDED_AVAILABILITY = YES_AGGRESSIVE;
				CLANG_WARN_UNREACHABLE_CODE = YES;
				CLANG_WARN__DUPLICATE_METHOD_MATCH = YES;
				COPY_PHASE_STRIP = NO;
				DEBUG_INFORMATION_FORMAT = dwarf;
				ENABLE_STRICT_OBJC_MSGSEND = YES;
				ENABLE_TESTABILITY = YES;
				GCC_C_LANGUAGE_STANDARD = gnu11;
				GCC_DYNAMIC_NO_PIC = NO;
				GCC_NO_COMMON_BLOCKS = YES;
				GCC_OPTIMIZATION_LEVEL = 0;
				GCC_PREPROCESSOR_DEFINITIONS = (
					"DEBUG=1",
					"$(inherited)",
				);
				GCC_WARN_64_TO_32_BIT_CONVERSION = YES;
				GCC_WARN_ABOUT_RETURN_TYPE = YES_ERROR;
				GCC_WARN_UNDECLARED_SELECTOR = YES;
				GCC_WARN_UNINITIALIZED_AUTOS = YES_AGGRESSIVE;
				GCC_WARN_UNUSED_FUNCTION = YES;
				GCC_WARN_UNUSED_VARIABLE = YES;
				IPHONEOS_DEPLOYMENT_TARGET = 13.0;
				MTL_ENABLE_DEBUG_INFO = INCLUDE_SOURCE;
				MTL_FAST_MATH = YES;
				ONLY_ACTIVE_ARCH = YES;
				SDKROOT = iphoneos;
				SWIFT_ACTIVE_COMPILATION_CONDITIONS = DEBUG;
				SWIFT_OPTIMIZATION_LEVEL = "-Onone";
			};
			name = Debug;
		};
		CE68E9702A64096200811F24 /* Release */ = {
			isa = XCBuildConfiguration;
			buildSettings = {
				ALWAYS_SEARCH_USER_PATHS = NO;
				CLANG_ANALYZER_NONNULL = YES;
				CLANG_ANALYZER_NUMBER_OBJECT_CONVERSION = YES_AGGRESSIVE;
				CLANG_CXX_LANGUAGE_STANDARD = "gnu++20";
				CLANG_ENABLE_MODULES = YES;
				CLANG_ENABLE_OBJC_ARC = YES;
				CLANG_ENABLE_OBJC_WEAK = YES;
				CLANG_WARN_BLOCK_CAPTURE_AUTORELEASING = YES;
				CLANG_WARN_BOOL_CONVERSION = YES;
				CLANG_WARN_COMMA = YES;
				CLANG_WARN_CONSTANT_CONVERSION = YES;
				CLANG_WARN_DEPRECATED_OBJC_IMPLEMENTATIONS = YES;
				CLANG_WARN_DIRECT_OBJC_ISA_USAGE = YES_ERROR;
				CLANG_WARN_DOCUMENTATION_COMMENTS = YES;
				CLANG_WARN_EMPTY_BODY = YES;
				CLANG_WARN_ENUM_CONVERSION = YES;
				CLANG_WARN_INFINITE_RECURSION = YES;
				CLANG_WARN_INT_CONVERSION = YES;
				CLANG_WARN_NON_LITERAL_NULL_CONVERSION = YES;
				CLANG_WARN_OBJC_IMPLICIT_RETAIN_SELF = YES;
				CLANG_WARN_OBJC_LITERAL_CONVERSION = YES;
				CLANG_WARN_OBJC_ROOT_CLASS = YES_ERROR;
				CLANG_WARN_QUOTED_INCLUDE_IN_FRAMEWORK_HEADER = YES;
				CLANG_WARN_RANGE_LOOP_ANALYSIS = YES;
				CLANG_WARN_STRICT_PROTOTYPES = YES;
				CLANG_WARN_SUSPICIOUS_MOVE = YES;
				CLANG_WARN_UNGUARDED_AVAILABILITY = YES_AGGRESSIVE;
				CLANG_WARN_UNREACHABLE_CODE = YES;
				CLANG_WARN__DUPLICATE_METHOD_MATCH = YES;
				COPY_PHASE_STRIP = NO;
				DEBUG_INFORMATION_FORMAT = "dwarf-with-dsym";
				ENABLE_NS_ASSERTIONS = NO;
				ENABLE_STRICT_OBJC_MSGSEND = YES;
				GCC_C_LANGUAGE_STANDARD = gnu11;
				GCC_NO_COMMON_BLOCKS = YES;
				GCC_WARN_64_TO_32_BIT_CONVERSION = YES;
				GCC_WARN_ABOUT_RETURN_TYPE = YES_ERROR;
				GCC_WARN_UNDECLARED_SELECTOR = YES;
				GCC_WARN_UNINITIALIZED_AUTOS = YES_AGGRESSIVE;
				GCC_WARN_UNUSED_FUNCTION = YES;
				GCC_WARN_UNUSED_VARIABLE = YES;
				IPHONEOS_DEPLOYMENT_TARGET = 13.0;
				MTL_ENABLE_DEBUG_INFO = NO;
				MTL_FAST_MATH = YES;
				SDKROOT = iphoneos;
				SWIFT_COMPILATION_MODE = wholemodule;
				SWIFT_OPTIMIZATION_LEVEL = "-O";
				VALIDATE_PRODUCT = YES;
			};
			name = Release;
		};
		CE68E9722A64096200811F24 /* Debug */ = {
			isa = XCBuildConfiguration;
			buildSettings = {
				ASSETCATALOG_COMPILER_APPICON_NAME = AppIcon;
				ASSETCATALOG_COMPILER_GLOBAL_ACCENT_COLOR_NAME = AccentColor;
				CODE_SIGN_STYLE = Automatic;
				CURRENT_PROJECT_VERSION = 1;
				DEVELOPMENT_TEAM = 97GVTD6CD7;
				GENERATE_INFOPLIST_FILE = YES;
				INFOPLIST_FILE = Project2/Info.plist;
				INFOPLIST_KEY_UIApplicationSupportsIndirectInputEvents = YES;
				INFOPLIST_KEY_UILaunchStoryboardName = LaunchScreen;
				INFOPLIST_KEY_UISupportedInterfaceOrientations_iPad = "UIInterfaceOrientationPortrait UIInterfaceOrientationPortraitUpsideDown UIInterfaceOrientationLandscapeLeft UIInterfaceOrientationLandscapeRight";
				INFOPLIST_KEY_UISupportedInterfaceOrientations_iPhone = "UIInterfaceOrientationPortrait UIInterfaceOrientationLandscapeLeft UIInterfaceOrientationLandscapeRight";
				IPHONEOS_DEPLOYMENT_TARGET = 13.0;
				LD_RUNPATH_SEARCH_PATHS = (
					"$(inherited)",
					"@executable_path/Frameworks",
				);
				MARKETING_VERSION = 1.0;
				PRODUCT_BUNDLE_IDENTIFIER = first.project.Project2;
				PRODUCT_NAME = "$(TARGET_NAME)";
				SWIFT_EMIT_LOC_STRINGS = YES;
				SWIFT_VERSION = 5.0;
				TARGETED_DEVICE_FAMILY = "1,2";
			};
			name = Debug;
		};
		CE68E9732A64096200811F24 /* Release */ = {
			isa = XCBuildConfiguration;
			buildSettings = {
				ASSETCATALOG_COMPILER_APPICON_NAME = AppIcon;
				ASSETCATALOG_COMPILER_GLOBAL_ACCENT_COLOR_NAME = AccentColor;
				CODE_SIGN_STYLE = Automatic;
				CURRENT_PROJECT_VERSION = 1;
				DEVELOPMENT_TEAM = 97GVTD6CD7;
				GENERATE_INFOPLIST_FILE = YES;
				INFOPLIST_FILE = Project2/Info.plist;
				INFOPLIST_KEY_UIApplicationSupportsIndirectInputEvents = YES;
				INFOPLIST_KEY_UILaunchStoryboardName = LaunchScreen;
				INFOPLIST_KEY_UISupportedInterfaceOrientations_iPad = "UIInterfaceOrientationPortrait UIInterfaceOrientationPortraitUpsideDown UIInterfaceOrientationLandscapeLeft UIInterfaceOrientationLandscapeRight";
				INFOPLIST_KEY_UISupportedInterfaceOrientations_iPhone = "UIInterfaceOrientationPortrait UIInterfaceOrientationLandscapeLeft UIInterfaceOrientationLandscapeRight";
				IPHONEOS_DEPLOYMENT_TARGET = 13.0;
				LD_RUNPATH_SEARCH_PATHS = (
					"$(inherited)",
					"@executable_path/Frameworks",
				);
				MARKETING_VERSION = 1.0;
				PRODUCT_BUNDLE_IDENTIFIER = first.project.Project2;
				PRODUCT_NAME = "$(TARGET_NAME)";
				SWIFT_EMIT_LOC_STRINGS = YES;
				SWIFT_VERSION = 5.0;
				TARGETED_DEVICE_FAMILY = "1,2";
			};
			name = Release;
		};
		CE68E9752A64096200811F24 /* Debug */ = {
			isa = XCBuildConfiguration;
			buildSettings = {
				ALWAYS_EMBED_SWIFT_STANDARD_LIBRARIES = YES;
				BUNDLE_LOADER = "$(TEST_HOST)";
				CODE_SIGN_STYLE = Automatic;
				CURRENT_PROJECT_VERSION = 1;
				DEVELOPMENT_TEAM = 97GVTD6CD7;
				GENERATE_INFOPLIST_FILE = YES;
				IPHONEOS_DEPLOYMENT_TARGET = 16.0;
				MARKETING_VERSION = 1.0;
				PRODUCT_BUNDLE_IDENTIFIER = first.project.Project2Tests;
				PRODUCT_NAME = "$(TARGET_NAME)";
				SWIFT_EMIT_LOC_STRINGS = NO;
				SWIFT_VERSION = 5.0;
				TARGETED_DEVICE_FAMILY = "1,2";
				TEST_HOST = "$(BUILT_PRODUCTS_DIR)/Project2.app/$(BUNDLE_EXECUTABLE_FOLDER_PATH)/Project2";
			};
			name = Debug;
		};
		CE68E9762A64096200811F24 /* Release */ = {
			isa = XCBuildConfiguration;
			buildSettings = {
				ALWAYS_EMBED_SWIFT_STANDARD_LIBRARIES = YES;
				BUNDLE_LOADER = "$(TEST_HOST)";
				CODE_SIGN_STYLE = Automatic;
				CURRENT_PROJECT_VERSION = 1;
				DEVELOPMENT_TEAM = 97GVTD6CD7;
				GENERATE_INFOPLIST_FILE = YES;
				IPHONEOS_DEPLOYMENT_TARGET = 16.0;
				MARKETING_VERSION = 1.0;
				PRODUCT_BUNDLE_IDENTIFIER = first.project.Project2Tests;
				PRODUCT_NAME = "$(TARGET_NAME)";
				SWIFT_EMIT_LOC_STRINGS = NO;
				SWIFT_VERSION = 5.0;
				TARGETED_DEVICE_FAMILY = "1,2";
				TEST_HOST = "$(BUILT_PRODUCTS_DIR)/Project2.app/$(BUNDLE_EXECUTABLE_FOLDER_PATH)/Project2";
			};
			name = Release;
		};
		CE68E9782A64096200811F24 /* Debug */ = {
			isa = XCBuildConfiguration;
			buildSettings = {
				ALWAYS_EMBED_SWIFT_STANDARD_LIBRARIES = YES;
				CODE_SIGN_STYLE = Automatic;
				CURRENT_PROJECT_VERSION = 1;
				DEVELOPMENT_TEAM = 97GVTD6CD7;
				GENERATE_INFOPLIST_FILE = YES;
				MARKETING_VERSION = 1.0;
				PRODUCT_BUNDLE_IDENTIFIER = first.project.Project2UITests;
				PRODUCT_NAME = "$(TARGET_NAME)";
				SWIFT_EMIT_LOC_STRINGS = NO;
				SWIFT_VERSION = 5.0;
				TARGETED_DEVICE_FAMILY = "1,2";
				TEST_TARGET_NAME = Project2;
			};
			name = Debug;
		};
		CE68E9792A64096200811F24 /* Release */ = {
			isa = XCBuildConfiguration;
			buildSettings = {
				ALWAYS_EMBED_SWIFT_STANDARD_LIBRARIES = YES;
				CODE_SIGN_STYLE = Automatic;
				CURRENT_PROJECT_VERSION = 1;
				DEVELOPMENT_TEAM = 97GVTD6CD7;
				GENERATE_INFOPLIST_FILE = YES;
				MARKETING_VERSION = 1.0;
				PRODUCT_BUNDLE_IDENTIFIER = first.project.Project2UITests;
				PRODUCT_NAME = "$(TARGET_NAME)";
				SWIFT_EMIT_LOC_STRINGS = NO;
				SWIFT_VERSION = 5.0;
				TARGETED_DEVICE_FAMILY = "1,2";
				TEST_TARGET_NAME = Project2;
			};
			name = Release;
		};
/* End XCBuildConfiguration section */

/* Begin XCConfigurationList section */
		CE68E9422A64096000811F24 /* Build configuration list for PBXProject "Project2" */ = {
			isa = XCConfigurationList;
			buildConfigurations = (
				CE68E96F2A64096200811F24 /* Debug */,
				CE68E9702A64096200811F24 /* Release */,
			);
			defaultConfigurationIsVisible = 0;
			defaultConfigurationName = Release;
		};
		CE68E9712A64096200811F24 /* Build configuration list for PBXNativeTarget "Project2" */ = {
			isa = XCConfigurationList;
			buildConfigurations = (
				CE68E9722A64096200811F24 /* Debug */,
				CE68E9732A64096200811F24 /* Release */,
			);
			defaultConfigurationIsVisible = 0;
			defaultConfigurationName = Release;
		};
		CE68E9742A64096200811F24 /* Build configuration list for PBXNativeTarget "Project2Tests" */ = {
			isa = XCConfigurationList;
			buildConfigurations = (
				CE68E9752A64096200811F24 /* Debug */,
				CE68E9762A64096200811F24 /* Release */,
			);
			defaultConfigurationIsVisible = 0;
			defaultConfigurationName = Release;
		};
		CE68E9772A64096200811F24 /* Build configuration list for PBXNativeTarget "Project2UITests" */ = {
			isa = XCConfigurationList;
			buildConfigurations = (
				CE68E9782A64096200811F24 /* Debug */,
				CE68E9792A64096200811F24 /* Release */,
			);
			defaultConfigurationIsVisible = 0;
			defaultConfigurationName = Release;
		};
/* End XCConfigurationList section */

/* Begin XCRemoteSwiftPackageReference section */
		CECAE85E2A692D340072EF80 /* XCRemoteSwiftPackageReference "firebase-ios-sdk" */ = {
			isa = XCRemoteSwiftPackageReference;
			repositoryURL = "https://github.com/firebase/firebase-ios-sdk";
			requirement = {
				kind = upToNextMajorVersion;
				minimumVersion = 9.0.0;
			};
		};
		CECAE8652A69463A0072EF80 /* XCRemoteSwiftPackageReference "Resolver" */ = {
			isa = XCRemoteSwiftPackageReference;
			repositoryURL = "https://github.com/hmlongco/Resolver.git";
			requirement = {
				kind = upToNextMajorVersion;
				minimumVersion = 1.1.2;
			};
		};
/* End XCRemoteSwiftPackageReference section */

/* Begin XCSwiftPackageProductDependency section */
		CECAE85F2A692D340072EF80 /* FirebaseAuth */ = {
			isa = XCSwiftPackageProductDependency;
			package = CECAE85E2A692D340072EF80 /* XCRemoteSwiftPackageReference "firebase-ios-sdk" */;
			productName = FirebaseAuth;
		};
		CECAE8612A692D340072EF80 /* FirebaseAuthCombine-Community */ = {
			isa = XCSwiftPackageProductDependency;
			package = CECAE85E2A692D340072EF80 /* XCRemoteSwiftPackageReference "firebase-ios-sdk" */;
			productName = "FirebaseAuthCombine-Community";
		};
		CECAE8662A69463A0072EF80 /* Resolver */ = {
			isa = XCSwiftPackageProductDependency;
			package = CECAE8652A69463A0072EF80 /* XCRemoteSwiftPackageReference "Resolver" */;
			productName = Resolver;
		};
/* End XCSwiftPackageProductDependency section */
	};
	rootObject = CE68E93F2A64096000811F24 /* Project object */;
}
