// !$*UTF8*$!
{
	archiveVersion = 1;
	classes = {
	};
	objectVersion = 56;
	objects = {

/* Begin PBXBuildFile section */
		CE0515922A71432000680219 /* Movie.swift in Sources */ = {isa = PBXBuildFile; fileRef = CE0515912A71432000680219 /* Movie.swift */; };
		CE388ECC2A71496C00EE56B3 /* MovieResult.swift in Sources */ = {isa = PBXBuildFile; fileRef = CE388ECB2A71496C00EE56B3 /* MovieResult.swift */; };
		CE388ECE2A71503A00EE56B3 /* MovieItem.swift in Sources */ = {isa = PBXBuildFile; fileRef = CE388ECD2A71503A00EE56B3 /* MovieItem.swift */; };
		CE388ED12A71604A00EE56B3 /* SDWebImage in Frameworks */ = {isa = PBXBuildFile; productRef = CE388ED02A71604A00EE56B3 /* SDWebImage */; };
		CE48FB282A6AC161005AECF4 /* HomeViewController.swift in Sources */ = {isa = PBXBuildFile; fileRef = CE48FB272A6AC161005AECF4 /* HomeViewController.swift */; };
		CE48FB682A6FE648005AECF4 /* Alamofire in Frameworks */ = {isa = PBXBuildFile; productRef = CE48FB672A6FE648005AECF4 /* Alamofire */; };
		CE48FB6A2A6FE78A005AECF4 /* HomeViewModel.swift in Sources */ = {isa = PBXBuildFile; fileRef = CE48FB692A6FE78A005AECF4 /* HomeViewModel.swift */; };
		CE48FB6C2A6FF175005AECF4 /* NetworkAuthMediator.swift in Sources */ = {isa = PBXBuildFile; fileRef = CE48FB6B2A6FF175005AECF4 /* NetworkAuthMediator.swift */; };
		CE48FB6E2A6FF1B8005AECF4 /* AuthenticationMediator.swift in Sources */ = {isa = PBXBuildFile; fileRef = CE48FB6D2A6FF1B8005AECF4 /* AuthenticationMediator.swift */; };
		CE5040052A78FF0500E27D77 /* InfoController.swift in Sources */ = {isa = PBXBuildFile; fileRef = CE5040042A78FF0500E27D77 /* InfoController.swift */; };
		CE5040082A78FF8100E27D77 /* ReviewsController.swift in Sources */ = {isa = PBXBuildFile; fileRef = CE5040072A78FF8100E27D77 /* ReviewsController.swift */; };
		CE50400B2A7910EF00E27D77 /* Tabman in Frameworks */ = {isa = PBXBuildFile; productRef = CE50400A2A7910EF00E27D77 /* Tabman */; };
		CE50400D2A79122900E27D77 /* TabViewController.swift in Sources */ = {isa = PBXBuildFile; fileRef = CE50400C2A79122900E27D77 /* TabViewController.swift */; };
		CE50400F2A7925D400E27D77 /* CastViewController.swift in Sources */ = {isa = PBXBuildFile; fileRef = CE50400E2A7925D400E27D77 /* CastViewController.swift */; };
		CE5040162A7AE98200E27D77 /* UIGradient in Frameworks */ = {isa = PBXBuildFile; productRef = CE5040152A7AE98200E27D77 /* UIGradient */; };
		CE5040192A7B0C0000E27D77 /* CircularProgressBar.swift in Sources */ = {isa = PBXBuildFile; fileRef = CE5040182A7B0C0000E27D77 /* CircularProgressBar.swift */; };
		CE5E241A2A744E7500FB8972 /* MovieDetailController.swift in Sources */ = {isa = PBXBuildFile; fileRef = CE5E24192A744E7500FB8972 /* MovieDetailController.swift */; };
		CE5E241C2A74528B00FB8972 /* MovieRepository.swift in Sources */ = {isa = PBXBuildFile; fileRef = CE5E241B2A74528B00FB8972 /* MovieRepository.swift */; };
		CE5E24212A74536F00FB8972 /* MovieRepositoryImpl.swift in Sources */ = {isa = PBXBuildFile; fileRef = CE5E24202A74536F00FB8972 /* MovieRepositoryImpl.swift */; };
		CE5E24232A7453FF00FB8972 /* NetworkMediator.swift in Sources */ = {isa = PBXBuildFile; fileRef = CE5E24222A7453FF00FB8972 /* NetworkMediator.swift */; };
		CE5E24252A7454C500FB8972 /* MovieMediator.swift in Sources */ = {isa = PBXBuildFile; fileRef = CE5E24242A7454C500FB8972 /* MovieMediator.swift */; };
		CE5E24272A74586300FB8972 /* MovieUseCase.swift in Sources */ = {isa = PBXBuildFile; fileRef = CE5E24262A74586300FB8972 /* MovieUseCase.swift */; };
		CE5E24292A75741F00FB8972 /* MovieDetailViewModel.swift in Sources */ = {isa = PBXBuildFile; fileRef = CE5E24282A75741F00FB8972 /* MovieDetailViewModel.swift */; };
		CE5E242D2A7575C900FB8972 /* MovieDetailsUseCase.swift in Sources */ = {isa = PBXBuildFile; fileRef = CE5E242C2A7575C900FB8972 /* MovieDetailsUseCase.swift */; };
		CE5E242F2A75776000FB8972 /* MovieDetailRepository.swift in Sources */ = {isa = PBXBuildFile; fileRef = CE5E242E2A75776000FB8972 /* MovieDetailRepository.swift */; };
		CE5E24322A75782500FB8972 /* MovieDetailRepositoryImpl.swift in Sources */ = {isa = PBXBuildFile; fileRef = CE5E24312A75782500FB8972 /* MovieDetailRepositoryImpl.swift */; };
		CE5E24352A757B2A00FB8972 /* DetailCast.swift in Sources */ = {isa = PBXBuildFile; fileRef = CE5E24342A757B2A00FB8972 /* DetailCast.swift */; };
		CE5E24372A757B4100FB8972 /* Cast.swift in Sources */ = {isa = PBXBuildFile; fileRef = CE5E24362A757B4100FB8972 /* Cast.swift */; };
		CE5E24392A75849A00FB8972 /* CastItem.swift in Sources */ = {isa = PBXBuildFile; fileRef = CE5E24382A75849A00FB8972 /* CastItem.swift */; };
		CE6028D02A6593420061E008 /* SignUpViewModel.swift in Sources */ = {isa = PBXBuildFile; fileRef = CE6028CF2A6593420061E008 /* SignUpViewModel.swift */; };
		CE6028D22A6593610061E008 /* ValidationResult.swift in Sources */ = {isa = PBXBuildFile; fileRef = CE6028D12A6593610061E008 /* ValidationResult.swift */; };
		CE68E94B2A64096000811F24 /* AppDelegate.swift in Sources */ = {isa = PBXBuildFile; fileRef = CE68E94A2A64096000811F24 /* AppDelegate.swift */; };
		CE68E94D2A64096000811F24 /* SceneDelegate.swift in Sources */ = {isa = PBXBuildFile; fileRef = CE68E94C2A64096000811F24 /* SceneDelegate.swift */; };
		CE68E94F2A64096000811F24 /* ViewController.swift in Sources */ = {isa = PBXBuildFile; fileRef = CE68E94E2A64096000811F24 /* ViewController.swift */; };
		CE68E9542A64096100811F24 /* Assets.xcassets in Resources */ = {isa = PBXBuildFile; fileRef = CE68E9532A64096100811F24 /* Assets.xcassets */; };
		CE68E9572A64096100811F24 /* LaunchScreen.storyboard in Resources */ = {isa = PBXBuildFile; fileRef = CE68E9552A64096100811F24 /* LaunchScreen.storyboard */; };
		CE68E9622A64096200811F24 /* Project2Tests.swift in Sources */ = {isa = PBXBuildFile; fileRef = CE68E9612A64096200811F24 /* Project2Tests.swift */; };
		CE68E96C2A64096200811F24 /* Project2UITests.swift in Sources */ = {isa = PBXBuildFile; fileRef = CE68E96B2A64096200811F24 /* Project2UITests.swift */; };
		CE68E96E2A64096200811F24 /* Project2UITestsLaunchTests.swift in Sources */ = {isa = PBXBuildFile; fileRef = CE68E96D2A64096200811F24 /* Project2UITestsLaunchTests.swift */; };
		CE68E97C2A64127C00811F24 /* SignUpViewController.swift in Sources */ = {isa = PBXBuildFile; fileRef = CE68E97B2A64127C00811F24 /* SignUpViewController.swift */; };
		CE68E9802A658ABE00811F24 /* CustomTextField.swift in Sources */ = {isa = PBXBuildFile; fileRef = CE68E97F2A658ABE00811F24 /* CustomTextField.swift */; };
		CE85CE9F2A692768003FCD98 /* GoogleService-Info.plist in Resources */ = {isa = PBXBuildFile; fileRef = CE85CE9E2A692768003FCD98 /* GoogleService-Info.plist */; };
		CECAE8602A692D340072EF80 /* FirebaseAuth in Frameworks */ = {isa = PBXBuildFile; productRef = CECAE85F2A692D340072EF80 /* FirebaseAuth */; };
		CECAE8622A692D340072EF80 /* FirebaseAuthCombine-Community in Frameworks */ = {isa = PBXBuildFile; productRef = CECAE8612A692D340072EF80 /* FirebaseAuthCombine-Community */; };
		CECAE8672A69463A0072EF80 /* Resolver in Frameworks */ = {isa = PBXBuildFile; productRef = CECAE8662A69463A0072EF80 /* Resolver */; };
		CECAE86E2A6947920072EF80 /* AppDelegate+Injection.swift in Sources */ = {isa = PBXBuildFile; fileRef = CECAE86D2A6947920072EF80 /* AppDelegate+Injection.swift */; };
		CECAE8762A6980350072EF80 /* Result.swift in Sources */ = {isa = PBXBuildFile; fileRef = CECAE8752A6980350072EF80 /* Result.swift */; };
		CECAE8782A6996870072EF80 /* SignInViewModel.swift in Sources */ = {isa = PBXBuildFile; fileRef = CECAE8772A6996870072EF80 /* SignInViewModel.swift */; };
		CECAE87A2A6996E80072EF80 /* SignInUseCase.swift in Sources */ = {isa = PBXBuildFile; fileRef = CECAE8792A6996E80072EF80 /* SignInUseCase.swift */; };
		CECAE87C2A69974B0072EF80 /* SignInRepository.swift in Sources */ = {isa = PBXBuildFile; fileRef = CECAE87B2A69974B0072EF80 /* SignInRepository.swift */; };
		CECAE8832A6997E80072EF80 /* SignInRepositoryImpl.swift in Sources */ = {isa = PBXBuildFile; fileRef = CECAE8822A6997E80072EF80 /* SignInRepositoryImpl.swift */; };
		CEE300B42A7FF6DC000E6866 /* AuthTokenResponse.swift in Sources */ = {isa = PBXBuildFile; fileRef = CEE300B32A7FF6DC000E6866 /* AuthTokenResponse.swift */; };
		CEE300B62A7FF6EB000E6866 /* LoginResponse.swift in Sources */ = {isa = PBXBuildFile; fileRef = CEE300B52A7FF6EB000E6866 /* LoginResponse.swift */; };
		CEE300B82A7FF700000E6866 /* SessionResponse.swift in Sources */ = {isa = PBXBuildFile; fileRef = CEE300B72A7FF700000E6866 /* SessionResponse.swift */; };
		CEE300BB2A7FF85D000E6866 /* APIURLBuilder.swift in Sources */ = {isa = PBXBuildFile; fileRef = CEE300BA2A7FF85D000E6866 /* APIURLBuilder.swift */; };
		CEE300BF2A801A52000E6866 /* ApiService.swift in Sources */ = {isa = PBXBuildFile; fileRef = CEE300BE2A801A52000E6866 /* ApiService.swift */; };
		CEEFAE742A7BB52A004E404E /* ReviewItem.swift in Sources */ = {isa = PBXBuildFile; fileRef = CEEFAE732A7BB52A004E404E /* ReviewItem.swift */; };
		CEEFAE762A7BC707004E404E /* AuthorDetails.swift in Sources */ = {isa = PBXBuildFile; fileRef = CEEFAE752A7BC707004E404E /* AuthorDetails.swift */; };
		CEEFAE782A7BC727004E404E /* Review.swift in Sources */ = {isa = PBXBuildFile; fileRef = CEEFAE772A7BC727004E404E /* Review.swift */; };
		CEEFAE7A2A7BC770004E404E /* ReviewResult.swift in Sources */ = {isa = PBXBuildFile; fileRef = CEEFAE792A7BC770004E404E /* ReviewResult.swift */; };
		CEEFAE7D2A7D2406004E404E /* FavoritesViewController.swift in Sources */ = {isa = PBXBuildFile; fileRef = CEEFAE7C2A7D2406004E404E /* FavoritesViewController.swift */; };
		CEF39C202A77E6BF00F91A72 /* DetailMovie.swift in Sources */ = {isa = PBXBuildFile; fileRef = CEF39C1F2A77E6BF00F91A72 /* DetailMovie.swift */; };
		CEF39C222A77E72C00F91A72 /* Genre.swift in Sources */ = {isa = PBXBuildFile; fileRef = CEF39C212A77E72C00F91A72 /* Genre.swift */; };
/* End PBXBuildFile section */

/* Begin PBXContainerItemProxy section */
		CE68E95E2A64096200811F24 /* PBXContainerItemProxy */ = {
			isa = PBXContainerItemProxy;
			containerPortal = CE68E93F2A64096000811F24 /* Project object */;
			proxyType = 1;
			remoteGlobalIDString = CE68E9462A64096000811F24;
			remoteInfo = Project2;
		};
		CE68E9682A64096200811F24 /* PBXContainerItemProxy */ = {
			isa = PBXContainerItemProxy;
			containerPortal = CE68E93F2A64096000811F24 /* Project object */;
			proxyType = 1;
			remoteGlobalIDString = CE68E9462A64096000811F24;
			remoteInfo = Project2;
		};
/* End PBXContainerItemProxy section */

/* Begin PBXFileReference section */
		CE0515912A71432000680219 /* Movie.swift */ = {isa = PBXFileReference; lastKnownFileType = sourcecode.swift; path = Movie.swift; sourceTree = "<group>"; };
		CE388ECB2A71496C00EE56B3 /* MovieResult.swift */ = {isa = PBXFileReference; lastKnownFileType = sourcecode.swift; path = MovieResult.swift; sourceTree = "<group>"; };
		CE388ECD2A71503A00EE56B3 /* MovieItem.swift */ = {isa = PBXFileReference; lastKnownFileType = sourcecode.swift; path = MovieItem.swift; sourceTree = "<group>"; };
		CE48FB272A6AC161005AECF4 /* HomeViewController.swift */ = {isa = PBXFileReference; lastKnownFileType = sourcecode.swift; path = HomeViewController.swift; sourceTree = "<group>"; };
		CE48FB692A6FE78A005AECF4 /* HomeViewModel.swift */ = {isa = PBXFileReference; lastKnownFileType = sourcecode.swift; path = HomeViewModel.swift; sourceTree = "<group>"; };
		CE48FB6B2A6FF175005AECF4 /* NetworkAuthMediator.swift */ = {isa = PBXFileReference; lastKnownFileType = sourcecode.swift; path = NetworkAuthMediator.swift; sourceTree = "<group>"; };
		CE48FB6D2A6FF1B8005AECF4 /* AuthenticationMediator.swift */ = {isa = PBXFileReference; lastKnownFileType = sourcecode.swift; path = AuthenticationMediator.swift; sourceTree = "<group>"; };
		CE5040042A78FF0500E27D77 /* InfoController.swift */ = {isa = PBXFileReference; lastKnownFileType = sourcecode.swift; path = InfoController.swift; sourceTree = "<group>"; };
		CE5040072A78FF8100E27D77 /* ReviewsController.swift */ = {isa = PBXFileReference; lastKnownFileType = sourcecode.swift; path = ReviewsController.swift; sourceTree = "<group>"; };
		CE50400C2A79122900E27D77 /* TabViewController.swift */ = {isa = PBXFileReference; lastKnownFileType = sourcecode.swift; path = TabViewController.swift; sourceTree = "<group>"; };
		CE50400E2A7925D400E27D77 /* CastViewController.swift */ = {isa = PBXFileReference; lastKnownFileType = sourcecode.swift; path = CastViewController.swift; sourceTree = "<group>"; };
		CE5040182A7B0C0000E27D77 /* CircularProgressBar.swift */ = {isa = PBXFileReference; lastKnownFileType = sourcecode.swift; path = CircularProgressBar.swift; sourceTree = "<group>"; };
		CE5E24192A744E7500FB8972 /* MovieDetailController.swift */ = {isa = PBXFileReference; lastKnownFileType = sourcecode.swift; path = MovieDetailController.swift; sourceTree = "<group>"; };
		CE5E241B2A74528B00FB8972 /* MovieRepository.swift */ = {isa = PBXFileReference; lastKnownFileType = sourcecode.swift; path = MovieRepository.swift; sourceTree = "<group>"; };
		CE5E24202A74536F00FB8972 /* MovieRepositoryImpl.swift */ = {isa = PBXFileReference; lastKnownFileType = sourcecode.swift; path = MovieRepositoryImpl.swift; sourceTree = "<group>"; };
		CE5E24222A7453FF00FB8972 /* NetworkMediator.swift */ = {isa = PBXFileReference; lastKnownFileType = sourcecode.swift; path = NetworkMediator.swift; sourceTree = "<group>"; };
		CE5E24242A7454C500FB8972 /* MovieMediator.swift */ = {isa = PBXFileReference; lastKnownFileType = sourcecode.swift; path = MovieMediator.swift; sourceTree = "<group>"; };
		CE5E24262A74586300FB8972 /* MovieUseCase.swift */ = {isa = PBXFileReference; lastKnownFileType = sourcecode.swift; path = MovieUseCase.swift; sourceTree = "<group>"; };
		CE5E24282A75741F00FB8972 /* MovieDetailViewModel.swift */ = {isa = PBXFileReference; lastKnownFileType = sourcecode.swift; path = MovieDetailViewModel.swift; sourceTree = "<group>"; };
		CE5E242C2A7575C900FB8972 /* MovieDetailsUseCase.swift */ = {isa = PBXFileReference; lastKnownFileType = sourcecode.swift; path = MovieDetailsUseCase.swift; sourceTree = "<group>"; };
		CE5E242E2A75776000FB8972 /* MovieDetailRepository.swift */ = {isa = PBXFileReference; lastKnownFileType = sourcecode.swift; path = MovieDetailRepository.swift; sourceTree = "<group>"; };
		CE5E24312A75782500FB8972 /* MovieDetailRepositoryImpl.swift */ = {isa = PBXFileReference; lastKnownFileType = sourcecode.swift; path = MovieDetailRepositoryImpl.swift; sourceTree = "<group>"; };
		CE5E24342A757B2A00FB8972 /* DetailCast.swift */ = {isa = PBXFileReference; lastKnownFileType = sourcecode.swift; path = DetailCast.swift; sourceTree = "<group>"; };
		CE5E24362A757B4100FB8972 /* Cast.swift */ = {isa = PBXFileReference; lastKnownFileType = sourcecode.swift; path = Cast.swift; sourceTree = "<group>"; };
		CE5E24382A75849A00FB8972 /* CastItem.swift */ = {isa = PBXFileReference; lastKnownFileType = sourcecode.swift; path = CastItem.swift; sourceTree = "<group>"; };
		CE6028CF2A6593420061E008 /* SignUpViewModel.swift */ = {isa = PBXFileReference; lastKnownFileType = sourcecode.swift; path = SignUpViewModel.swift; sourceTree = "<group>"; };
		CE6028D12A6593610061E008 /* ValidationResult.swift */ = {isa = PBXFileReference; lastKnownFileType = sourcecode.swift; path = ValidationResult.swift; sourceTree = "<group>"; };
		CE68E9472A64096000811F24 /* Project2.app */ = {isa = PBXFileReference; explicitFileType = wrapper.application; includeInIndex = 0; path = Project2.app; sourceTree = BUILT_PRODUCTS_DIR; };
		CE68E94A2A64096000811F24 /* AppDelegate.swift */ = {isa = PBXFileReference; lastKnownFileType = sourcecode.swift; path = AppDelegate.swift; sourceTree = "<group>"; };
		CE68E94C2A64096000811F24 /* SceneDelegate.swift */ = {isa = PBXFileReference; lastKnownFileType = sourcecode.swift; path = SceneDelegate.swift; sourceTree = "<group>"; };
		CE68E94E2A64096000811F24 /* ViewController.swift */ = {isa = PBXFileReference; lastKnownFileType = sourcecode.swift; path = ViewController.swift; sourceTree = "<group>"; };
		CE68E9532A64096100811F24 /* Assets.xcassets */ = {isa = PBXFileReference; lastKnownFileType = folder.assetcatalog; path = Assets.xcassets; sourceTree = "<group>"; };
		CE68E9562A64096100811F24 /* Base */ = {isa = PBXFileReference; lastKnownFileType = file.storyboard; name = Base; path = Base.lproj/LaunchScreen.storyboard; sourceTree = "<group>"; };
		CE68E9582A64096100811F24 /* Info.plist */ = {isa = PBXFileReference; lastKnownFileType = text.plist.xml; path = Info.plist; sourceTree = "<group>"; };
		CE68E95D2A64096200811F24 /* Project2Tests.xctest */ = {isa = PBXFileReference; explicitFileType = wrapper.cfbundle; includeInIndex = 0; path = Project2Tests.xctest; sourceTree = BUILT_PRODUCTS_DIR; };
		CE68E9612A64096200811F24 /* Project2Tests.swift */ = {isa = PBXFileReference; lastKnownFileType = sourcecode.swift; path = Project2Tests.swift; sourceTree = "<group>"; };
		CE68E9672A64096200811F24 /* Project2UITests.xctest */ = {isa = PBXFileReference; explicitFileType = wrapper.cfbundle; includeInIndex = 0; path = Project2UITests.xctest; sourceTree = BUILT_PRODUCTS_DIR; };
		CE68E96B2A64096200811F24 /* Project2UITests.swift */ = {isa = PBXFileReference; lastKnownFileType = sourcecode.swift; path = Project2UITests.swift; sourceTree = "<group>"; };
		CE68E96D2A64096200811F24 /* Project2UITestsLaunchTests.swift */ = {isa = PBXFileReference; lastKnownFileType = sourcecode.swift; path = Project2UITestsLaunchTests.swift; sourceTree = "<group>"; };
		CE68E97B2A64127C00811F24 /* SignUpViewController.swift */ = {isa = PBXFileReference; lastKnownFileType = sourcecode.swift; path = SignUpViewController.swift; sourceTree = "<group>"; };
		CE68E97F2A658ABE00811F24 /* CustomTextField.swift */ = {isa = PBXFileReference; lastKnownFileType = sourcecode.swift; path = CustomTextField.swift; sourceTree = "<group>"; };
		CE85CE9E2A692768003FCD98 /* GoogleService-Info.plist */ = {isa = PBXFileReference; fileEncoding = 4; lastKnownFileType = text.plist.xml; name = "GoogleService-Info.plist"; path = "../../../Downloads/GoogleService-Info.plist"; sourceTree = "<group>"; };
		CECAE86D2A6947920072EF80 /* AppDelegate+Injection.swift */ = {isa = PBXFileReference; lastKnownFileType = sourcecode.swift; path = "AppDelegate+Injection.swift"; sourceTree = "<group>"; };
		CECAE8752A6980350072EF80 /* Result.swift */ = {isa = PBXFileReference; lastKnownFileType = sourcecode.swift; path = Result.swift; sourceTree = "<group>"; };
		CECAE8772A6996870072EF80 /* SignInViewModel.swift */ = {isa = PBXFileReference; lastKnownFileType = sourcecode.swift; path = SignInViewModel.swift; sourceTree = "<group>"; };
		CECAE8792A6996E80072EF80 /* SignInUseCase.swift */ = {isa = PBXFileReference; lastKnownFileType = sourcecode.swift; path = SignInUseCase.swift; sourceTree = "<group>"; };
		CECAE87B2A69974B0072EF80 /* SignInRepository.swift */ = {isa = PBXFileReference; lastKnownFileType = sourcecode.swift; path = SignInRepository.swift; sourceTree = "<group>"; };
		CECAE8822A6997E80072EF80 /* SignInRepositoryImpl.swift */ = {isa = PBXFileReference; lastKnownFileType = sourcecode.swift; path = SignInRepositoryImpl.swift; sourceTree = "<group>"; };
		CEE300B32A7FF6DC000E6866 /* AuthTokenResponse.swift */ = {isa = PBXFileReference; lastKnownFileType = sourcecode.swift; path = AuthTokenResponse.swift; sourceTree = "<group>"; };
		CEE300B52A7FF6EB000E6866 /* LoginResponse.swift */ = {isa = PBXFileReference; lastKnownFileType = sourcecode.swift; path = LoginResponse.swift; sourceTree = "<group>"; };
		CEE300B72A7FF700000E6866 /* SessionResponse.swift */ = {isa = PBXFileReference; lastKnownFileType = sourcecode.swift; path = SessionResponse.swift; sourceTree = "<group>"; };
		CEE300BA2A7FF85D000E6866 /* APIURLBuilder.swift */ = {isa = PBXFileReference; lastKnownFileType = sourcecode.swift; path = APIURLBuilder.swift; sourceTree = "<group>"; };
		CEE300BE2A801A52000E6866 /* ApiService.swift */ = {isa = PBXFileReference; lastKnownFileType = sourcecode.swift; path = ApiService.swift; sourceTree = "<group>"; };
		CEEFAE732A7BB52A004E404E /* ReviewItem.swift */ = {isa = PBXFileReference; lastKnownFileType = sourcecode.swift; path = ReviewItem.swift; sourceTree = "<group>"; };
		CEEFAE752A7BC707004E404E /* AuthorDetails.swift */ = {isa = PBXFileReference; lastKnownFileType = sourcecode.swift; path = AuthorDetails.swift; sourceTree = "<group>"; };
		CEEFAE772A7BC727004E404E /* Review.swift */ = {isa = PBXFileReference; lastKnownFileType = sourcecode.swift; path = Review.swift; sourceTree = "<group>"; };
		CEEFAE792A7BC770004E404E /* ReviewResult.swift */ = {isa = PBXFileReference; lastKnownFileType = sourcecode.swift; path = ReviewResult.swift; sourceTree = "<group>"; };
		CEEFAE7C2A7D2406004E404E /* FavoritesViewController.swift */ = {isa = PBXFileReference; lastKnownFileType = sourcecode.swift; path = FavoritesViewController.swift; sourceTree = "<group>"; };
		CEF39C1F2A77E6BF00F91A72 /* DetailMovie.swift */ = {isa = PBXFileReference; lastKnownFileType = sourcecode.swift; path = DetailMovie.swift; sourceTree = "<group>"; };
		CEF39C212A77E72C00F91A72 /* Genre.swift */ = {isa = PBXFileReference; lastKnownFileType = sourcecode.swift; path = Genre.swift; sourceTree = "<group>"; };
/* End PBXFileReference section */

/* Begin PBXFrameworksBuildPhase section */
		CE68E9442A64096000811F24 /* Frameworks */ = {
			isa = PBXFrameworksBuildPhase;
			buildActionMask = 2147483647;
			files = (
				CE5040162A7AE98200E27D77 /* UIGradient in Frameworks */,
				CECAE8672A69463A0072EF80 /* Resolver in Frameworks */,
				CE48FB682A6FE648005AECF4 /* Alamofire in Frameworks */,
				CECAE8602A692D340072EF80 /* FirebaseAuth in Frameworks */,
				CECAE8622A692D340072EF80 /* FirebaseAuthCombine-Community in Frameworks */,
				CE388ED12A71604A00EE56B3 /* SDWebImage in Frameworks */,
				CE50400B2A7910EF00E27D77 /* Tabman in Frameworks */,
			);
			runOnlyForDeploymentPostprocessing = 0;
		};
		CE68E95A2A64096200811F24 /* Frameworks */ = {
			isa = PBXFrameworksBuildPhase;
			buildActionMask = 2147483647;
			files = (
			);
			runOnlyForDeploymentPostprocessing = 0;
		};
		CE68E9642A64096200811F24 /* Frameworks */ = {
			isa = PBXFrameworksBuildPhase;
			buildActionMask = 2147483647;
			files = (
			);
			runOnlyForDeploymentPostprocessing = 0;
		};
/* End PBXFrameworksBuildPhase section */

/* Begin PBXGroup section */
		CE0515902A71430B00680219 /* home */ = {
			isa = PBXGroup;
			children = (
				CE5E241D2A74529400FB8972 /* model */,
				CE5E241B2A74528B00FB8972 /* MovieRepository.swift */,
				CE5E24262A74586300FB8972 /* MovieUseCase.swift */,
			);
			path = home;
			sourceTree = "<group>";
		};
		CE48FB652A6FDB13005AECF4 /* home */ = {
			isa = PBXGroup;
			children = (
				CE48FB272A6AC161005AECF4 /* HomeViewController.swift */,
				CE48FB692A6FE78A005AECF4 /* HomeViewModel.swift */,
				CE388ECD2A71503A00EE56B3 /* MovieItem.swift */,
			);
			path = home;
			sourceTree = "<group>";
		};
		CE5040032A78FEE900E27D77 /* pages */ = {
			isa = PBXGroup;
			children = (
				CE5040042A78FF0500E27D77 /* InfoController.swift */,
				CE5040072A78FF8100E27D77 /* ReviewsController.swift */,
				CE50400C2A79122900E27D77 /* TabViewController.swift */,
				CE50400E2A7925D400E27D77 /* CastViewController.swift */,
				CEEFAE732A7BB52A004E404E /* ReviewItem.swift */,
			);
			path = pages;
			sourceTree = "<group>";
		};
		CE5040172A7B0BF000E27D77 /* common */ = {
			isa = PBXGroup;
			children = (
				CE5040182A7B0C0000E27D77 /* CircularProgressBar.swift */,
			);
			path = common;
			sourceTree = "<group>";
		};
		CE5E24182A744E5D00FB8972 /* detail */ = {
			isa = PBXGroup;
			children = (
				CE5040032A78FEE900E27D77 /* pages */,
				CE5E24192A744E7500FB8972 /* MovieDetailController.swift */,
				CE5E24282A75741F00FB8972 /* MovieDetailViewModel.swift */,
				CE5E24382A75849A00FB8972 /* CastItem.swift */,
			);
			path = detail;
			sourceTree = "<group>";
		};
		CE5E241D2A74529400FB8972 /* model */ = {
			isa = PBXGroup;
			children = (
				CE388ECB2A71496C00EE56B3 /* MovieResult.swift */,
				CE0515912A71432000680219 /* Movie.swift */,
			);
			path = model;
			sourceTree = "<group>";
		};
		CE5E241E2A74535800FB8972 /* auth */ = {
			isa = PBXGroup;
			children = (
				CEE300B22A7FF6C8000E6866 /* model */,
				CE48FB6D2A6FF1B8005AECF4 /* AuthenticationMediator.swift */,
				CE48FB6B2A6FF175005AECF4 /* NetworkAuthMediator.swift */,
				CECAE8822A6997E80072EF80 /* SignInRepositoryImpl.swift */,
			);
			path = auth;
			sourceTree = "<group>";
		};
		CE5E241F2A74536000FB8972 /* movies */ = {
			isa = PBXGroup;
			children = (
				CEE300BA2A7FF85D000E6866 /* APIURLBuilder.swift */,
				CE5E24242A7454C500FB8972 /* MovieMediator.swift */,
				CE5E24202A74536F00FB8972 /* MovieRepositoryImpl.swift */,
				CE5E24222A7453FF00FB8972 /* NetworkMediator.swift */,
				CEE300BE2A801A52000E6866 /* ApiService.swift */,
			);
			path = movies;
			sourceTree = "<group>";
		};
		CE5E242A2A7575A500FB8972 /* details */ = {
			isa = PBXGroup;
			children = (
				CE5E24332A757B1C00FB8972 /* model */,
				CE5E242C2A7575C900FB8972 /* MovieDetailsUseCase.swift */,
				CE5E242E2A75776000FB8972 /* MovieDetailRepository.swift */,
			);
			path = details;
			sourceTree = "<group>";
		};
		CE5E24302A75781300FB8972 /* detail */ = {
			isa = PBXGroup;
			children = (
				CE5E24312A75782500FB8972 /* MovieDetailRepositoryImpl.swift */,
			);
			path = detail;
			sourceTree = "<group>";
		};
		CE5E24332A757B1C00FB8972 /* model */ = {
			isa = PBXGroup;
			children = (
				CE5E24342A757B2A00FB8972 /* DetailCast.swift */,
				CE5E24362A757B4100FB8972 /* Cast.swift */,
				CEF39C1F2A77E6BF00F91A72 /* DetailMovie.swift */,
				CEF39C212A77E72C00F91A72 /* Genre.swift */,
				CEEFAE752A7BC707004E404E /* AuthorDetails.swift */,
				CEEFAE772A7BC727004E404E /* Review.swift */,
				CEEFAE792A7BC770004E404E /* ReviewResult.swift */,
			);
			path = model;
			sourceTree = "<group>";
		};
		CE68E93E2A64096000811F24 = {
			isa = PBXGroup;
			children = (
				CE68E9492A64096000811F24 /* Project2 */,
				CE68E9602A64096200811F24 /* Project2Tests */,
				CE68E96A2A64096200811F24 /* Project2UITests */,
				CE68E9482A64096000811F24 /* Products */,
			);
			sourceTree = "<group>";
		};
		CE68E9482A64096000811F24 /* Products */ = {
			isa = PBXGroup;
			children = (
				CE68E9472A64096000811F24 /* Project2.app */,
				CE68E95D2A64096200811F24 /* Project2Tests.xctest */,
				CE68E9672A64096200811F24 /* Project2UITests.xctest */,
			);
			name = Products;
			sourceTree = "<group>";
		};
		CE68E9492A64096000811F24 /* Project2 */ = {
			isa = PBXGroup;
			children = (
				CECAE86C2A6947470072EF80 /* data */,
				CECAE86A2A6947370072EF80 /* domain */,
				CECAE8692A69472B0072EF80 /* presentation */,
				CECAE8682A6947240072EF80 /* di */,
				CE68E97A2A64099A00811F24 /* Supporting */,
				CE68E9582A64096100811F24 /* Info.plist */,
				CE85CE9E2A692768003FCD98 /* GoogleService-Info.plist */,
				CE6028D12A6593610061E008 /* ValidationResult.swift */,
			);
			path = Project2;
			sourceTree = "<group>";
		};
		CE68E9602A64096200811F24 /* Project2Tests */ = {
			isa = PBXGroup;
			children = (
				CE68E9612A64096200811F24 /* Project2Tests.swift */,
			);
			path = Project2Tests;
			sourceTree = "<group>";
		};
		CE68E96A2A64096200811F24 /* Project2UITests */ = {
			isa = PBXGroup;
			children = (
				CE68E96B2A64096200811F24 /* Project2UITests.swift */,
				CE68E96D2A64096200811F24 /* Project2UITestsLaunchTests.swift */,
			);
			path = Project2UITests;
			sourceTree = "<group>";
		};
		CE68E97A2A64099A00811F24 /* Supporting */ = {
			isa = PBXGroup;
			children = (
				CE68E9552A64096100811F24 /* LaunchScreen.storyboard */,
				CE68E9532A64096100811F24 /* Assets.xcassets */,
				CE68E94C2A64096000811F24 /* SceneDelegate.swift */,
				CE68E94A2A64096000811F24 /* AppDelegate.swift */,
				CE68E97F2A658ABE00811F24 /* CustomTextField.swift */,
			);
			path = Supporting;
			sourceTree = "<group>";
		};
		CE68E97D2A6581E300811F24 /* signIn */ = {
			isa = PBXGroup;
			children = (
				CE68E94E2A64096000811F24 /* ViewController.swift */,
				CECAE8772A6996870072EF80 /* SignInViewModel.swift */,
			);
			path = signIn;
			sourceTree = "<group>";
		};
		CE68E97E2A6581EF00811F24 /* signUp */ = {
			isa = PBXGroup;
			children = (
				CE6028CF2A6593420061E008 /* SignUpViewModel.swift */,
				CE68E97B2A64127C00811F24 /* SignUpViewController.swift */,
			);
			path = signUp;
			sourceTree = "<group>";
		};
		CECAE8682A6947240072EF80 /* di */ = {
			isa = PBXGroup;
			children = (
				CECAE86D2A6947920072EF80 /* AppDelegate+Injection.swift */,
			);
			path = di;
			sourceTree = "<group>";
		};
		CECAE8692A69472B0072EF80 /* presentation */ = {
			isa = PBXGroup;
			children = (
				CEEFAE7B2A7D23F9004E404E /* favorites */,
				CE5040172A7B0BF000E27D77 /* common */,
				CE5E24182A744E5D00FB8972 /* detail */,
				CE48FB652A6FDB13005AECF4 /* home */,
				CE68E97D2A6581E300811F24 /* signIn */,
				CE68E97E2A6581EF00811F24 /* signUp */,
			);
			path = presentation;
			sourceTree = "<group>";
		};
		CECAE86A2A6947370072EF80 /* domain */ = {
			isa = PBXGroup;
			children = (
				CE5E242A2A7575A500FB8972 /* details */,
				CE0515902A71430B00680219 /* home */,
				CECAE8812A6997C60072EF80 /* common */,
				CECAE87F2A6997AC0072EF80 /* signIn */,
			);
			path = domain;
			sourceTree = "<group>";
		};
		CECAE86C2A6947470072EF80 /* data */ = {
			isa = PBXGroup;
			children = (
				CE5E24302A75781300FB8972 /* detail */,
				CE5E241F2A74536000FB8972 /* movies */,
				CE5E241E2A74535800FB8972 /* auth */,
			);
			path = data;
			sourceTree = "<group>";
		};
		CECAE87F2A6997AC0072EF80 /* signIn */ = {
			isa = PBXGroup;
			children = (
				CECAE87B2A69974B0072EF80 /* SignInRepository.swift */,
				CECAE8792A6996E80072EF80 /* SignInUseCase.swift */,
			);
			path = signIn;
			sourceTree = "<group>";
		};
		CECAE8812A6997C60072EF80 /* common */ = {
			isa = PBXGroup;
			children = (
				CECAE8752A6980350072EF80 /* Result.swift */,
			);
			path = common;
			sourceTree = "<group>";
		};
		CEE300B22A7FF6C8000E6866 /* model */ = {
			isa = PBXGroup;
			children = (
				CEE300B32A7FF6DC000E6866 /* AuthTokenResponse.swift */,
				CEE300B52A7FF6EB000E6866 /* LoginResponse.swift */,
				CEE300B72A7FF700000E6866 /* SessionResponse.swift */,
			);
			path = model;
			sourceTree = "<group>";
		};
		CEEFAE7B2A7D23F9004E404E /* favorites */ = {
			isa = PBXGroup;
			children = (
				CEEFAE7C2A7D2406004E404E /* FavoritesViewController.swift */,
			);
			path = favorites;
			sourceTree = "<group>";
		};
/* End PBXGroup section */

/* Begin PBXNativeTarget section */
		CE68E9462A64096000811F24 /* Project2 */ = {
			isa = PBXNativeTarget;
			buildConfigurationList = CE68E9712A64096200811F24 /* Build configuration list for PBXNativeTarget "Project2" */;
			buildPhases = (
				CE68E9432A64096000811F24 /* Sources */,
				CE68E9442A64096000811F24 /* Frameworks */,
				CE68E9452A64096000811F24 /* Resources */,
			);
			buildRules = (
			);
			dependencies = (
			);
			name = Project2;
			packageProductDependencies = (
				CECAE85F2A692D340072EF80 /* FirebaseAuth */,
				CECAE8612A692D340072EF80 /* FirebaseAuthCombine-Community */,
				CECAE8662A69463A0072EF80 /* Resolver */,
				CE48FB672A6FE648005AECF4 /* Alamofire */,
				CE388ED02A71604A00EE56B3 /* SDWebImage */,
				CE50400A2A7910EF00E27D77 /* Tabman */,
				CE5040152A7AE98200E27D77 /* UIGradient */,
			);
			productName = Project2;
			productReference = CE68E9472A64096000811F24 /* Project2.app */;
			productType = "com.apple.product-type.application";
		};
		CE68E95C2A64096200811F24 /* Project2Tests */ = {
			isa = PBXNativeTarget;
			buildConfigurationList = CE68E9742A64096200811F24 /* Build configuration list for PBXNativeTarget "Project2Tests" */;
			buildPhases = (
				CE68E9592A64096200811F24 /* Sources */,
				CE68E95A2A64096200811F24 /* Frameworks */,
				CE68E95B2A64096200811F24 /* Resources */,
			);
			buildRules = (
			);
			dependencies = (
				CE68E95F2A64096200811F24 /* PBXTargetDependency */,
			);
			name = Project2Tests;
			productName = Project2Tests;
			productReference = CE68E95D2A64096200811F24 /* Project2Tests.xctest */;
			productType = "com.apple.product-type.bundle.unit-test";
		};
		CE68E9662A64096200811F24 /* Project2UITests */ = {
			isa = PBXNativeTarget;
			buildConfigurationList = CE68E9772A64096200811F24 /* Build configuration list for PBXNativeTarget "Project2UITests" */;
			buildPhases = (
				CE68E9632A64096200811F24 /* Sources */,
				CE68E9642A64096200811F24 /* Frameworks */,
				CE68E9652A64096200811F24 /* Resources */,
			);
			buildRules = (
			);
			dependencies = (
				CE68E9692A64096200811F24 /* PBXTargetDependency */,
			);
			name = Project2UITests;
			productName = Project2UITests;
			productReference = CE68E9672A64096200811F24 /* Project2UITests.xctest */;
			productType = "com.apple.product-type.bundle.ui-testing";
		};
/* End PBXNativeTarget section */

/* Begin PBXProject section */
		CE68E93F2A64096000811F24 /* Project object */ = {
			isa = PBXProject;
			attributes = {
				BuildIndependentTargetsInParallel = 1;
				LastSwiftUpdateCheck = 1400;
				LastUpgradeCheck = 1400;
				TargetAttributes = {
					CE68E9462A64096000811F24 = {
						CreatedOnToolsVersion = 14.0.1;
					};
					CE68E95C2A64096200811F24 = {
						CreatedOnToolsVersion = 14.0.1;
						TestTargetID = CE68E9462A64096000811F24;
					};
					CE68E9662A64096200811F24 = {
						CreatedOnToolsVersion = 14.0.1;
						TestTargetID = CE68E9462A64096000811F24;
					};
				};
			};
			buildConfigurationList = CE68E9422A64096000811F24 /* Build configuration list for PBXProject "Project2" */;
			compatibilityVersion = "Xcode 14.0";
			developmentRegion = en;
			hasScannedForEncodings = 0;
			knownRegions = (
				en,
				Base,
			);
			mainGroup = CE68E93E2A64096000811F24;
			packageReferences = (
				CECAE85E2A692D340072EF80 /* XCRemoteSwiftPackageReference "firebase-ios-sdk" */,
				CECAE8652A69463A0072EF80 /* XCRemoteSwiftPackageReference "Resolver" */,
				CE48FB662A6FE648005AECF4 /* XCRemoteSwiftPackageReference "Alamofire" */,
				CE388ECF2A71604A00EE56B3 /* XCRemoteSwiftPackageReference "SDWebImage" */,
				CE5040092A7910EF00E27D77 /* XCRemoteSwiftPackageReference "Tabman" */,
				CE5040142A7AE98100E27D77 /* XCRemoteSwiftPackageReference "UIGradient" */,
			);
			productRefGroup = CE68E9482A64096000811F24 /* Products */;
			projectDirPath = "";
			projectRoot = "";
			targets = (
				CE68E9462A64096000811F24 /* Project2 */,
				CE68E95C2A64096200811F24 /* Project2Tests */,
				CE68E9662A64096200811F24 /* Project2UITests */,
			);
		};
/* End PBXProject section */

/* Begin PBXResourcesBuildPhase section */
		CE68E9452A64096000811F24 /* Resources */ = {
			isa = PBXResourcesBuildPhase;
			buildActionMask = 2147483647;
			files = (
				CE68E9572A64096100811F24 /* LaunchScreen.storyboard in Resources */,
				CE68E9542A64096100811F24 /* Assets.xcassets in Resources */,
				CE85CE9F2A692768003FCD98 /* GoogleService-Info.plist in Resources */,
			);
			runOnlyForDeploymentPostprocessing = 0;
		};
		CE68E95B2A64096200811F24 /* Resources */ = {
			isa = PBXResourcesBuildPhase;
			buildActionMask = 2147483647;
			files = (
			);
			runOnlyForDeploymentPostprocessing = 0;
		};
		CE68E9652A64096200811F24 /* Resources */ = {
			isa = PBXResourcesBuildPhase;
			buildActionMask = 2147483647;
			files = (
			);
			runOnlyForDeploymentPostprocessing = 0;
		};
/* End PBXResourcesBuildPhase section */

/* Begin PBXSourcesBuildPhase section */
		CE68E9432A64096000811F24 /* Sources */ = {
			isa = PBXSourcesBuildPhase;
			buildActionMask = 2147483647;
			files = (
				CECAE86E2A6947920072EF80 /* AppDelegate+Injection.swift in Sources */,
				CE5E24322A75782500FB8972 /* MovieDetailRepositoryImpl.swift in Sources */,
				CE48FB6A2A6FE78A005AECF4 /* HomeViewModel.swift in Sources */,
				CEE300B82A7FF700000E6866 /* SessionResponse.swift in Sources */,
				CE50400F2A7925D400E27D77 /* CastViewController.swift in Sources */,
				CE5E242D2A7575C900FB8972 /* MovieDetailsUseCase.swift in Sources */,
				CE68E94F2A64096000811F24 /* ViewController.swift in Sources */,
				CE48FB282A6AC161005AECF4 /* HomeViewController.swift in Sources */,
				CE388ECC2A71496C00EE56B3 /* MovieResult.swift in Sources */,
				CEE300BB2A7FF85D000E6866 /* APIURLBuilder.swift in Sources */,
				CEEFAE762A7BC707004E404E /* AuthorDetails.swift in Sources */,
				CEEFAE7D2A7D2406004E404E /* FavoritesViewController.swift in Sources */,
				CE68E94B2A64096000811F24 /* AppDelegate.swift in Sources */,
				CEF39C222A77E72C00F91A72 /* Genre.swift in Sources */,
				CECAE8782A6996870072EF80 /* SignInViewModel.swift in Sources */,
				CE48FB6C2A6FF175005AECF4 /* NetworkAuthMediator.swift in Sources */,
				CEE300BF2A801A52000E6866 /* ApiService.swift in Sources */,
				CE50400D2A79122900E27D77 /* TabViewController.swift in Sources */,
				CE5040082A78FF8100E27D77 /* ReviewsController.swift in Sources */,
				CE388ECE2A71503A00EE56B3 /* MovieItem.swift in Sources */,
				CE5E24232A7453FF00FB8972 /* NetworkMediator.swift in Sources */,
				CE48FB6E2A6FF1B8005AECF4 /* AuthenticationMediator.swift in Sources */,
				CE6028D02A6593420061E008 /* SignUpViewModel.swift in Sources */,
				CEEFAE782A7BC727004E404E /* Review.swift in Sources */,
				CE68E97C2A64127C00811F24 /* SignUpViewController.swift in Sources */,
				CECAE8762A6980350072EF80 /* Result.swift in Sources */,
				CE5E24272A74586300FB8972 /* MovieUseCase.swift in Sources */,
				CE5E241A2A744E7500FB8972 /* MovieDetailController.swift in Sources */,
				CECAE87A2A6996E80072EF80 /* SignInUseCase.swift in Sources */,
				CE5E242F2A75776000FB8972 /* MovieDetailRepository.swift in Sources */,
				CE5040192A7B0C0000E27D77 /* CircularProgressBar.swift in Sources */,
				CE5E24392A75849A00FB8972 /* CastItem.swift in Sources */,
				CE0515922A71432000680219 /* Movie.swift in Sources */,
				CEE300B62A7FF6EB000E6866 /* LoginResponse.swift in Sources */,
				CEF39C202A77E6BF00F91A72 /* DetailMovie.swift in Sources */,
				CE5E24292A75741F00FB8972 /* MovieDetailViewModel.swift in Sources */,
				CE6028D22A6593610061E008 /* ValidationResult.swift in Sources */,
				CE5E24352A757B2A00FB8972 /* DetailCast.swift in Sources */,
				CE5E24252A7454C500FB8972 /* MovieMediator.swift in Sources */,
				CE5E24372A757B4100FB8972 /* Cast.swift in Sources */,
				CE68E94D2A64096000811F24 /* SceneDelegate.swift in Sources */,
				CE68E9802A658ABE00811F24 /* CustomTextField.swift in Sources */,
				CE5E24212A74536F00FB8972 /* MovieRepositoryImpl.swift in Sources */,
				CEEFAE742A7BB52A004E404E /* ReviewItem.swift in Sources */,
				CECAE87C2A69974B0072EF80 /* SignInRepository.swift in Sources */,
				CE5E241C2A74528B00FB8972 /* MovieRepository.swift in Sources */,
				CECAE8832A6997E80072EF80 /* SignInRepositoryImpl.swift in Sources */,
				CEEFAE7A2A7BC770004E404E /* ReviewResult.swift in Sources */,
				CEE300B42A7FF6DC000E6866 /* AuthTokenResponse.swift in Sources */,
				CE5040052A78FF0500E27D77 /* InfoController.swift in Sources */,
			);
			runOnlyForDeploymentPostprocessing = 0;
		};
		CE68E9592A64096200811F24 /* Sources */ = {
			isa = PBXSourcesBuildPhase;
			buildActionMask = 2147483647;
			files = (
				CE68E9622A64096200811F24 /* Project2Tests.swift in Sources */,
			);
			runOnlyForDeploymentPostprocessing = 0;
		};
		CE68E9632A64096200811F24 /* Sources */ = {
			isa = PBXSourcesBuildPhase;
			buildActionMask = 2147483647;
			files = (
				CE68E96E2A64096200811F24 /* Project2UITestsLaunchTests.swift in Sources */,
				CE68E96C2A64096200811F24 /* Project2UITests.swift in Sources */,
			);
			runOnlyForDeploymentPostprocessing = 0;
		};
/* End PBXSourcesBuildPhase section */

/* Begin PBXTargetDependency section */
		CE68E95F2A64096200811F24 /* PBXTargetDependency */ = {
			isa = PBXTargetDependency;
			target = CE68E9462A64096000811F24 /* Project2 */;
			targetProxy = CE68E95E2A64096200811F24 /* PBXContainerItemProxy */;
		};
		CE68E9692A64096200811F24 /* PBXTargetDependency */ = {
			isa = PBXTargetDependency;
			target = CE68E9462A64096000811F24 /* Project2 */;
			targetProxy = CE68E9682A64096200811F24 /* PBXContainerItemProxy */;
		};
/* End PBXTargetDependency section */

/* Begin PBXVariantGroup section */
		CE68E9552A64096100811F24 /* LaunchScreen.storyboard */ = {
			isa = PBXVariantGroup;
			children = (
				CE68E9562A64096100811F24 /* Base */,
			);
			name = LaunchScreen.storyboard;
			sourceTree = "<group>";
		};
/* End PBXVariantGroup section */

/* Begin XCBuildConfiguration section */
		CE68E96F2A64096200811F24 /* Debug */ = {
			isa = XCBuildConfiguration;
			buildSettings = {
				ALWAYS_SEARCH_USER_PATHS = NO;
				CLANG_ANALYZER_NONNULL = YES;
				CLANG_ANALYZER_NUMBER_OBJECT_CONVERSION = YES_AGGRESSIVE;
				CLANG_CXX_LANGUAGE_STANDARD = "gnu++20";
				CLANG_ENABLE_MODULES = YES;
				CLANG_ENABLE_OBJC_ARC = YES;
				CLANG_ENABLE_OBJC_WEAK = YES;
				CLANG_WARN_BLOCK_CAPTURE_AUTORELEASING = YES;
				CLANG_WARN_BOOL_CONVERSION = YES;
				CLANG_WARN_COMMA = YES;
				CLANG_WARN_CONSTANT_CONVERSION = YES;
				CLANG_WARN_DEPRECATED_OBJC_IMPLEMENTATIONS = YES;
				CLANG_WARN_DIRECT_OBJC_ISA_USAGE = YES_ERROR;
				CLANG_WARN_DOCUMENTATION_COMMENTS = YES;
				CLANG_WARN_EMPTY_BODY = YES;
				CLANG_WARN_ENUM_CONVERSION = YES;
				CLANG_WARN_INFINITE_RECURSION = YES;
				CLANG_WARN_INT_CONVERSION = YES;
				CLANG_WARN_NON_LITERAL_NULL_CONVERSION = YES;
				CLANG_WARN_OBJC_IMPLICIT_RETAIN_SELF = YES;
				CLANG_WARN_OBJC_LITERAL_CONVERSION = YES;
				CLANG_WARN_OBJC_ROOT_CLASS = YES_ERROR;
				CLANG_WARN_QUOTED_INCLUDE_IN_FRAMEWORK_HEADER = YES;
				CLANG_WARN_RANGE_LOOP_ANALYSIS = YES;
				CLANG_WARN_STRICT_PROTOTYPES = YES;
				CLANG_WARN_SUSPICIOUS_MOVE = YES;
				CLANG_WARN_UNGUARDED_AVAILABILITY = YES_AGGRESSIVE;
				CLANG_WARN_UNREACHABLE_CODE = YES;
				CLANG_WARN__DUPLICATE_METHOD_MATCH = YES;
				COPY_PHASE_STRIP = NO;
				DEBUG_INFORMATION_FORMAT = dwarf;
				ENABLE_STRICT_OBJC_MSGSEND = YES;
				ENABLE_TESTABILITY = YES;
				GCC_C_LANGUAGE_STANDARD = gnu11;
				GCC_DYNAMIC_NO_PIC = NO;
				GCC_NO_COMMON_BLOCKS = YES;
				GCC_OPTIMIZATION_LEVEL = 0;
				GCC_PREPROCESSOR_DEFINITIONS = (
					"DEBUG=1",
					"$(inherited)",
				);
				GCC_WARN_64_TO_32_BIT_CONVERSION = YES;
				GCC_WARN_ABOUT_RETURN_TYPE = YES_ERROR;
				GCC_WARN_UNDECLARED_SELECTOR = YES;
				GCC_WARN_UNINITIALIZED_AUTOS = YES_AGGRESSIVE;
				GCC_WARN_UNUSED_FUNCTION = YES;
				GCC_WARN_UNUSED_VARIABLE = YES;
				IPHONEOS_DEPLOYMENT_TARGET = 13.0;
				MTL_ENABLE_DEBUG_INFO = INCLUDE_SOURCE;
				MTL_FAST_MATH = YES;
				ONLY_ACTIVE_ARCH = YES;
				SDKROOT = iphoneos;
				SWIFT_ACTIVE_COMPILATION_CONDITIONS = DEBUG;
				SWIFT_OPTIMIZATION_LEVEL = "-Onone";
			};
			name = Debug;
		};
		CE68E9702A64096200811F24 /* Release */ = {
			isa = XCBuildConfiguration;
			buildSettings = {
				ALWAYS_SEARCH_USER_PATHS = NO;
				CLANG_ANALYZER_NONNULL = YES;
				CLANG_ANALYZER_NUMBER_OBJECT_CONVERSION = YES_AGGRESSIVE;
				CLANG_CXX_LANGUAGE_STANDARD = "gnu++20";
				CLANG_ENABLE_MODULES = YES;
				CLANG_ENABLE_OBJC_ARC = YES;
				CLANG_ENABLE_OBJC_WEAK = YES;
				CLANG_WARN_BLOCK_CAPTURE_AUTORELEASING = YES;
				CLANG_WARN_BOOL_CONVERSION = YES;
				CLANG_WARN_COMMA = YES;
				CLANG_WARN_CONSTANT_CONVERSION = YES;
				CLANG_WARN_DEPRECATED_OBJC_IMPLEMENTATIONS = YES;
				CLANG_WARN_DIRECT_OBJC_ISA_USAGE = YES_ERROR;
				CLANG_WARN_DOCUMENTATION_COMMENTS = YES;
				CLANG_WARN_EMPTY_BODY = YES;
				CLANG_WARN_ENUM_CONVERSION = YES;
				CLANG_WARN_INFINITE_RECURSION = YES;
				CLANG_WARN_INT_CONVERSION = YES;
				CLANG_WARN_NON_LITERAL_NULL_CONVERSION = YES;
				CLANG_WARN_OBJC_IMPLICIT_RETAIN_SELF = YES;
				CLANG_WARN_OBJC_LITERAL_CONVERSION = YES;
				CLANG_WARN_OBJC_ROOT_CLASS = YES_ERROR;
				CLANG_WARN_QUOTED_INCLUDE_IN_FRAMEWORK_HEADER = YES;
				CLANG_WARN_RANGE_LOOP_ANALYSIS = YES;
				CLANG_WARN_STRICT_PROTOTYPES = YES;
				CLANG_WARN_SUSPICIOUS_MOVE = YES;
				CLANG_WARN_UNGUARDED_AVAILABILITY = YES_AGGRESSIVE;
				CLANG_WARN_UNREACHABLE_CODE = YES;
				CLANG_WARN__DUPLICATE_METHOD_MATCH = YES;
				COPY_PHASE_STRIP = NO;
				DEBUG_INFORMATION_FORMAT = "dwarf-with-dsym";
				ENABLE_NS_ASSERTIONS = NO;
				ENABLE_STRICT_OBJC_MSGSEND = YES;
				GCC_C_LANGUAGE_STANDARD = gnu11;
				GCC_NO_COMMON_BLOCKS = YES;
				GCC_WARN_64_TO_32_BIT_CONVERSION = YES;
				GCC_WARN_ABOUT_RETURN_TYPE = YES_ERROR;
				GCC_WARN_UNDECLARED_SELECTOR = YES;
				GCC_WARN_UNINITIALIZED_AUTOS = YES_AGGRESSIVE;
				GCC_WARN_UNUSED_FUNCTION = YES;
				GCC_WARN_UNUSED_VARIABLE = YES;
				IPHONEOS_DEPLOYMENT_TARGET = 13.0;
				MTL_ENABLE_DEBUG_INFO = NO;
				MTL_FAST_MATH = YES;
				SDKROOT = iphoneos;
				SWIFT_COMPILATION_MODE = wholemodule;
				SWIFT_OPTIMIZATION_LEVEL = "-O";
				VALIDATE_PRODUCT = YES;
			};
			name = Release;
		};
		CE68E9722A64096200811F24 /* Debug */ = {
			isa = XCBuildConfiguration;
			buildSettings = {
				ASSETCATALOG_COMPILER_APPICON_NAME = AppIcon;
				ASSETCATALOG_COMPILER_GLOBAL_ACCENT_COLOR_NAME = AccentColor;
				CODE_SIGN_STYLE = Automatic;
				CURRENT_PROJECT_VERSION = 1;
				DEVELOPMENT_TEAM = 97GVTD6CD7;
				GENERATE_INFOPLIST_FILE = YES;
				INFOPLIST_FILE = Project2/Info.plist;
				INFOPLIST_KEY_UIApplicationSupportsIndirectInputEvents = YES;
				INFOPLIST_KEY_UILaunchStoryboardName = LaunchScreen;
				INFOPLIST_KEY_UISupportedInterfaceOrientations_iPad = "UIInterfaceOrientationPortrait UIInterfaceOrientationPortraitUpsideDown UIInterfaceOrientationLandscapeLeft UIInterfaceOrientationLandscapeRight";
				INFOPLIST_KEY_UISupportedInterfaceOrientations_iPhone = "UIInterfaceOrientationPortrait UIInterfaceOrientationLandscapeLeft UIInterfaceOrientationLandscapeRight";
				IPHONEOS_DEPLOYMENT_TARGET = 13.0;
				LD_RUNPATH_SEARCH_PATHS = (
					"$(inherited)",
					"@executable_path/Frameworks",
				);
				MARKETING_VERSION = 1.0;
				PRODUCT_BUNDLE_IDENTIFIER = first.project.Project2;
				PRODUCT_NAME = "$(TARGET_NAME)";
				SWIFT_EMIT_LOC_STRINGS = YES;
				SWIFT_VERSION = 5.0;
				TARGETED_DEVICE_FAMILY = "1,2";
			};
			name = Debug;
		};
		CE68E9732A64096200811F24 /* Release */ = {
			isa = XCBuildConfiguration;
			buildSettings = {
				ASSETCATALOG_COMPILER_APPICON_NAME = AppIcon;
				ASSETCATALOG_COMPILER_GLOBAL_ACCENT_COLOR_NAME = AccentColor;
				CODE_SIGN_STYLE = Automatic;
				CURRENT_PROJECT_VERSION = 1;
				DEVELOPMENT_TEAM = 97GVTD6CD7;
				GENERATE_INFOPLIST_FILE = YES;
				INFOPLIST_FILE = Project2/Info.plist;
				INFOPLIST_KEY_UIApplicationSupportsIndirectInputEvents = YES;
				INFOPLIST_KEY_UILaunchStoryboardName = LaunchScreen;
				INFOPLIST_KEY_UISupportedInterfaceOrientations_iPad = "UIInterfaceOrientationPortrait UIInterfaceOrientationPortraitUpsideDown UIInterfaceOrientationLandscapeLeft UIInterfaceOrientationLandscapeRight";
				INFOPLIST_KEY_UISupportedInterfaceOrientations_iPhone = "UIInterfaceOrientationPortrait UIInterfaceOrientationLandscapeLeft UIInterfaceOrientationLandscapeRight";
				IPHONEOS_DEPLOYMENT_TARGET = 13.0;
				LD_RUNPATH_SEARCH_PATHS = (
					"$(inherited)",
					"@executable_path/Frameworks",
				);
				MARKETING_VERSION = 1.0;
				PRODUCT_BUNDLE_IDENTIFIER = first.project.Project2;
				PRODUCT_NAME = "$(TARGET_NAME)";
				SWIFT_EMIT_LOC_STRINGS = YES;
				SWIFT_VERSION = 5.0;
				TARGETED_DEVICE_FAMILY = "1,2";
			};
			name = Release;
		};
		CE68E9752A64096200811F24 /* Debug */ = {
			isa = XCBuildConfiguration;
			buildSettings = {
				ALWAYS_EMBED_SWIFT_STANDARD_LIBRARIES = YES;
				BUNDLE_LOADER = "$(TEST_HOST)";
				CODE_SIGN_STYLE = Automatic;
				CURRENT_PROJECT_VERSION = 1;
				DEVELOPMENT_TEAM = 97GVTD6CD7;
				GENERATE_INFOPLIST_FILE = YES;
				IPHONEOS_DEPLOYMENT_TARGET = 16.0;
				MARKETING_VERSION = 1.0;
				PRODUCT_BUNDLE_IDENTIFIER = first.project.Project2Tests;
				PRODUCT_NAME = "$(TARGET_NAME)";
				SWIFT_EMIT_LOC_STRINGS = NO;
				SWIFT_VERSION = 5.0;
				TARGETED_DEVICE_FAMILY = "1,2";
				TEST_HOST = "$(BUILT_PRODUCTS_DIR)/Project2.app/$(BUNDLE_EXECUTABLE_FOLDER_PATH)/Project2";
			};
			name = Debug;
		};
		CE68E9762A64096200811F24 /* Release */ = {
			isa = XCBuildConfiguration;
			buildSettings = {
				ALWAYS_EMBED_SWIFT_STANDARD_LIBRARIES = YES;
				BUNDLE_LOADER = "$(TEST_HOST)";
				CODE_SIGN_STYLE = Automatic;
				CURRENT_PROJECT_VERSION = 1;
				DEVELOPMENT_TEAM = 97GVTD6CD7;
				GENERATE_INFOPLIST_FILE = YES;
				IPHONEOS_DEPLOYMENT_TARGET = 16.0;
				MARKETING_VERSION = 1.0;
				PRODUCT_BUNDLE_IDENTIFIER = first.project.Project2Tests;
				PRODUCT_NAME = "$(TARGET_NAME)";
				SWIFT_EMIT_LOC_STRINGS = NO;
				SWIFT_VERSION = 5.0;
				TARGETED_DEVICE_FAMILY = "1,2";
				TEST_HOST = "$(BUILT_PRODUCTS_DIR)/Project2.app/$(BUNDLE_EXECUTABLE_FOLDER_PATH)/Project2";
			};
			name = Release;
		};
		CE68E9782A64096200811F24 /* Debug */ = {
			isa = XCBuildConfiguration;
			buildSettings = {
				ALWAYS_EMBED_SWIFT_STANDARD_LIBRARIES = YES;
				CODE_SIGN_STYLE = Automatic;
				CURRENT_PROJECT_VERSION = 1;
				DEVELOPMENT_TEAM = 97GVTD6CD7;
				GENERATE_INFOPLIST_FILE = YES;
				MARKETING_VERSION = 1.0;
				PRODUCT_BUNDLE_IDENTIFIER = first.project.Project2UITests;
				PRODUCT_NAME = "$(TARGET_NAME)";
				SWIFT_EMIT_LOC_STRINGS = NO;
				SWIFT_VERSION = 5.0;
				TARGETED_DEVICE_FAMILY = "1,2";
				TEST_TARGET_NAME = Project2;
			};
			name = Debug;
		};
		CE68E9792A64096200811F24 /* Release */ = {
			isa = XCBuildConfiguration;
			buildSettings = {
				ALWAYS_EMBED_SWIFT_STANDARD_LIBRARIES = YES;
				CODE_SIGN_STYLE = Automatic;
				CURRENT_PROJECT_VERSION = 1;
				DEVELOPMENT_TEAM = 97GVTD6CD7;
				GENERATE_INFOPLIST_FILE = YES;
				MARKETING_VERSION = 1.0;
				PRODUCT_BUNDLE_IDENTIFIER = first.project.Project2UITests;
				PRODUCT_NAME = "$(TARGET_NAME)";
				SWIFT_EMIT_LOC_STRINGS = NO;
				SWIFT_VERSION = 5.0;
				TARGETED_DEVICE_FAMILY = "1,2";
				TEST_TARGET_NAME = Project2;
			};
			name = Release;
		};
/* End XCBuildConfiguration section */

/* Begin XCConfigurationList section */
		CE68E9422A64096000811F24 /* Build configuration list for PBXProject "Project2" */ = {
			isa = XCConfigurationList;
			buildConfigurations = (
				CE68E96F2A64096200811F24 /* Debug */,
				CE68E9702A64096200811F24 /* Release */,
			);
			defaultConfigurationIsVisible = 0;
			defaultConfigurationName = Release;
		};
		CE68E9712A64096200811F24 /* Build configuration list for PBXNativeTarget "Project2" */ = {
			isa = XCConfigurationList;
			buildConfigurations = (
				CE68E9722A64096200811F24 /* Debug */,
				CE68E9732A64096200811F24 /* Release */,
			);
			defaultConfigurationIsVisible = 0;
			defaultConfigurationName = Release;
		};
		CE68E9742A64096200811F24 /* Build configuration list for PBXNativeTarget "Project2Tests" */ = {
			isa = XCConfigurationList;
			buildConfigurations = (
				CE68E9752A64096200811F24 /* Debug */,
				CE68E9762A64096200811F24 /* Release */,
			);
			defaultConfigurationIsVisible = 0;
			defaultConfigurationName = Release;
		};
		CE68E9772A64096200811F24 /* Build configuration list for PBXNativeTarget "Project2UITests" */ = {
			isa = XCConfigurationList;
			buildConfigurations = (
				CE68E9782A64096200811F24 /* Debug */,
				CE68E9792A64096200811F24 /* Release */,
			);
			defaultConfigurationIsVisible = 0;
			defaultConfigurationName = Release;
		};
/* End XCConfigurationList section */

/* Begin XCRemoteSwiftPackageReference section */
		CE388ECF2A71604A00EE56B3 /* XCRemoteSwiftPackageReference "SDWebImage" */ = {
			isa = XCRemoteSwiftPackageReference;
			repositoryURL = "https://github.com/SDWebImage/SDWebImage.git";
			requirement = {
				kind = upToNextMajorVersion;
				minimumVersion = 5.0.0;
			};
		};
		CE48FB662A6FE648005AECF4 /* XCRemoteSwiftPackageReference "Alamofire" */ = {
			isa = XCRemoteSwiftPackageReference;
			repositoryURL = "https://github.com/Alamofire/Alamofire.git";
			requirement = {
				kind = upToNextMajorVersion;
				minimumVersion = 5.0.0;
			};
		};
		CE5040092A7910EF00E27D77 /* XCRemoteSwiftPackageReference "Tabman" */ = {
			isa = XCRemoteSwiftPackageReference;
			repositoryURL = "https://github.com/uias/Tabman";
			requirement = {
				kind = upToNextMajorVersion;
				minimumVersion = 3.0.0;
			};
		};
		CE5040142A7AE98100E27D77 /* XCRemoteSwiftPackageReference "UIGradient" */ = {
			isa = XCRemoteSwiftPackageReference;
			repositoryURL = "https://github.com/dqhieu/UIGradient.git";
			requirement = {
				kind = upToNextMajorVersion;
				minimumVersion = 1.0.0;
			};
		};
		CECAE85E2A692D340072EF80 /* XCRemoteSwiftPackageReference "firebase-ios-sdk" */ = {
			isa = XCRemoteSwiftPackageReference;
			repositoryURL = "https://github.com/firebase/firebase-ios-sdk";
			requirement = {
				kind = upToNextMajorVersion;
				minimumVersion = 9.0.0;
			};
		};
		CECAE8652A69463A0072EF80 /* XCRemoteSwiftPackageReference "Resolver" */ = {
			isa = XCRemoteSwiftPackageReference;
			repositoryURL = "https://github.com/hmlongco/Resolver.git";
			requirement = {
				kind = upToNextMajorVersion;
				minimumVersion = 1.1.2;
			};
		};
/* End XCRemoteSwiftPackageReference section */

/* Begin XCSwiftPackageProductDependency section */
		CE388ED02A71604A00EE56B3 /* SDWebImage */ = {
			isa = XCSwiftPackageProductDependency;
			package = CE388ECF2A71604A00EE56B3 /* XCRemoteSwiftPackageReference "SDWebImage" */;
			productName = SDWebImage;
		};
		CE48FB672A6FE648005AECF4 /* Alamofire */ = {
			isa = XCSwiftPackageProductDependency;
			package = CE48FB662A6FE648005AECF4 /* XCRemoteSwiftPackageReference "Alamofire" */;
			productName = Alamofire;
		};
		CE50400A2A7910EF00E27D77 /* Tabman */ = {
			isa = XCSwiftPackageProductDependency;
			package = CE5040092A7910EF00E27D77 /* XCRemoteSwiftPackageReference "Tabman" */;
			productName = Tabman;
		};
		CE5040152A7AE98200E27D77 /* UIGradient */ = {
			isa = XCSwiftPackageProductDependency;
			package = CE5040142A7AE98100E27D77 /* XCRemoteSwiftPackageReference "UIGradient" */;
			productName = UIGradient;
		};
		CECAE85F2A692D340072EF80 /* FirebaseAuth */ = {
			isa = XCSwiftPackageProductDependency;
			package = CECAE85E2A692D340072EF80 /* XCRemoteSwiftPackageReference "firebase-ios-sdk" */;
			productName = FirebaseAuth;
		};
		CECAE8612A692D340072EF80 /* FirebaseAuthCombine-Community */ = {
			isa = XCSwiftPackageProductDependency;
			package = CECAE85E2A692D340072EF80 /* XCRemoteSwiftPackageReference "firebase-ios-sdk" */;
			productName = "FirebaseAuthCombine-Community";
		};
		CECAE8662A69463A0072EF80 /* Resolver */ = {
			isa = XCSwiftPackageProductDependency;
			package = CECAE8652A69463A0072EF80 /* XCRemoteSwiftPackageReference "Resolver" */;
			productName = Resolver;
		};
/* End XCSwiftPackageProductDependency section */
	};
	rootObject = CE68E93F2A64096000811F24 /* Project object */;
}
